PODS:
  - Alamofire (5.10.2)
  - IJKPlayerKit (1.0.2.1)
  - IQKeyboardCore (1.0.5)
  - IQKeyboardManagerSwift (8.0.1):
    - IQKeyboardManagerSwift/Appearance (= 8.0.1)
    - IQKeyboardManagerSwift/Core (= 8.0.1)
    - IQKeyboardManagerSwift/IQKeyboardReturnManager (= 8.0.1)
    - IQKeyboardManagerSwift/IQKeyboardToolbarManager (= 8.0.1)
    - IQKeyboardManagerSwift/IQTextView (= 8.0.1)
    - IQKeyboardManagerSwift/Resign (= 8.0.1)
  - IQKeyboardManagerSwift/Appearance (8.0.1):
    - IQKeyboardManagerSwift/Core
  - IQKeyboardManagerSwift/Core (8.0.1):
    - IQKeyboardNotification
    - IQTextInputViewNotification
  - IQKeyboardManagerSwift/IQKeyboardReturnManager (8.0.1):
    - IQKeyboardReturnManager
  - IQKeyboardManagerSwift/IQKeyboardToolbarManager (8.0.1):
    - IQKeyboardManagerSwift/Core
    - IQKeyboardToolbarManager
  - IQKeyboardManagerSwift/IQTextView (8.0.1):
    - IQTextView
  - IQKeyboardManagerSwift/Resign (8.0.1):
    - IQKeyboardManagerSwift/Core
  - IQKeyboardNotification (1.0.3)
  - IQKeyboardReturnManager (1.0.4):
    - IQKeyboardCore (= 1.0.5)
  - IQKeyboardToolbar (1.1.1):
    - IQKeyboardCore
    - IQKeyboardToolbar/Core (= 1.1.1)
  - IQKeyboardToolbar/Core (1.1.1):
    - IQKeyboardCore
    - IQKeyboardToolbar/Placeholderable
  - IQKeyboardToolbar/Placeholderable (1.1.1):
    - IQKeyboardCore
  - IQKeyboardToolbarManager (1.1.3):
    - IQKeyboardToolbar
    - IQTextInputViewNotification
  - IQTextInputViewNotification (1.0.8):
    - IQKeyboardCore
  - IQTextView (1.0.5):
    - IQKeyboardToolbar/Placeholderable
  - Kingfisher (8.5.0)
  - Moya (15.0.0):
    - Moya/Core (= 15.0.0)
  - Moya/Core (15.0.0):
    - Alamofire (~> 5.0)
  - SnapKit (5.7.1)
  - WYBasisKit (2.0.0):
    - WYBasisKit/Activity (= 2.0.0)
    - WYBasisKit/AudioKit (= 2.0.0)
    - WYBasisKit/Authorization (= 2.0.0)
    - WYBasisKit/Codable (= 2.0.0)
    - WYBasisKit/Config (= 2.0.0)
    - WYBasisKit/EventHandler (= 2.0.0)
    - WYBasisKit/Extension (= 2.0.0)
    - WYBasisKit/Layout (= 2.0.0)
    - WYBasisKit/Localizable (= 2.0.0)
    - WYBasisKit/LogManager (= 2.0.0)
    - WYBasisKit/Networking (= 2.0.0)
    - WYBasisKit/Storage (= 2.0.0)
  - WYBasisKit/Activity (2.0.0):
    - WYBasisKit/Localizable
    - WYBasisKit/LogManager
  - WYBasisKit/AudioKit (2.0.0)
  - WYBasisKit/Authorization (2.0.0):
    - WYBasisKit/Authorization/Biometric (= 2.0.0)
    - WYBasisKit/Authorization/Camera (= 2.0.0)
    - WYBasisKit/Authorization/Contacts (= 2.0.0)
    - WYBasisKit/Authorization/Microphone (= 2.0.0)
    - WYBasisKit/Authorization/PhotoAlbums (= 2.0.0)
    - WYBasisKit/Authorization/SpeechRecognition (= 2.0.0)
  - WYBasisKit/Authorization/Biometric (2.0.0):
    - WYBasisKit/Localizable
    - WYBasisKit/LogManager
  - WYBasisKit/Authorization/Camera (2.0.0):
    - WYBasisKit/Localizable
    - WYBasisKit/LogManager
  - WYBasisKit/Authorization/Contacts (2.0.0):
    - WYBasisKit/Localizable
    - WYBasisKit/LogManager
  - WYBasisKit/Authorization/Microphone (2.0.0):
    - WYBasisKit/Localizable
    - WYBasisKit/LogManager
  - WYBasisKit/Authorization/PhotoAlbums (2.0.0):
    - WYBasisKit/Localizable
    - WYBasisKit/LogManager
  - WYBasisKit/Authorization/SpeechRecognition (2.0.0):
    - WYBasisKit/Localizable
    - WYBasisKit/LogManager
  - WYBasisKit/Codable (2.0.0)
  - WYBasisKit/Config (2.0.0)
  - WYBasisKit/EventHandler (2.0.0)
  - WYBasisKit/Extension (2.0.0):
    - WYBasisKit/Config
    - WYBasisKit/Localizable
    - WYBasisKit/LogManager
  - WYBasisKit/Layout (2.0.0):
    - WYBasisKit/Layout/BannerView (= 2.0.0)
    - WYBasisKit/Layout/ChatView (= 2.0.0)
    - WYBasisKit/Layout/MediaPlayer (= 2.0.0)
    - WYBasisKit/Layout/PagingView (= 2.0.0)
    - WYBasisKit/Layout/ScrollText (= 2.0.0)
  - WYBasisKit/Layout/BannerView (2.0.0):
    - WYBasisKit/Localizable
    - WYBasisKit/LogManager
  - WYBasisKit/Layout/ChatView (2.0.0):
    - Kingfisher
    - SnapKit
    - WYBasisKit/Authorization/Microphone
    - WYBasisKit/Extension
    - WYBasisKit/Localizable
    - WYBasisKit/LogManager
    - WYBasisKit/Storage
  - WYBasisKit/Layout/MediaPlayer (2.0.0):
    - IJKPlayerKit
  - WYBasisKit/Layout/PagingView (2.0.0):
    - WYBasisKit/LogManager
  - WYBasisKit/Layout/ScrollText (2.0.0):
    - WYBasisKit/Localizable
    - WYBasisKit/LogManager
  - WYBasisKit/Localizable (2.0.0):
    - WYBasisKit/Config
  - WYBasisKit/LogManager (2.0.0)
  - WYBasisKit/Networking (2.0.0):
    - Moya
    - WYBasisKit/Codable
    - WYBasisKit/Localizable
    - WYBasisKit/Storage
  - WYBasisKit/Storage (2.0.0)

DEPENDENCIES:
  - IQKeyboardManagerSwift
  - Kingfisher
  - Moya
  - SnapKit
  - WYBasisKit (from `WYBasisKit/WYBasisKit/WYBasisKit`)

SPEC REPOS:
  https://mirrors.tuna.tsinghua.edu.cn/git/CocoaPods/Specs.git:
    - Alamofire
    - IJKPlayerKit
    - IQKeyboardCore
    - IQKeyboardManagerSwift
    - IQKeyboardNotification
    - IQKeyboardReturnManager
    - IQKeyboardToolbar
    - IQKeyboardToolbarManager
    - IQTextInputViewNotification
    - IQTextView
    - Kingfisher
    - Moya
    - SnapKit

EXTERNAL SOURCES:
  WYBasisKit:
    :path: WYBasisKit/WYBasisKit/WYBasisKit

SPEC CHECKSUMS:
  Alamofire: 7193b3b92c74a07f85569e1a6c4f4237291e7496
  IJKPlayerKit: 8c9ed4de04215b9b6d6fdc4aa117cb66afd02488
  IQKeyboardCore: 28c8bf3bcd8ba5aa1570b318cbc4da94b861711e
  IQKeyboardManagerSwift: 835fc9c6e4732398113406d84900ad2e8f141218
  IQKeyboardNotification: d7382c4466c5a5adef92c7452ebf861b36050088
  IQKeyboardReturnManager: 972be48528ce9e7508ab3ab15ac7efac803f17f5
  IQKeyboardToolbar: d4bdccfb78324aec2f3920659c77bb89acd33312
  IQKeyboardToolbarManager: 6c693c8478d6327a7ef2107528d29698b3514dbb
  IQTextInputViewNotification: f5e954d8881fd9808b744e49e024cc0d4bcfe572
  IQTextView: ae13b4922f22e6f027f62c557d9f4f236b19d5c7
  Kingfisher: ff0d31a1f07bdff6a1ebb3ba08b8e6e567b6500c
  Moya: 138f0573e53411fb3dc17016add0b748dfbd78ee
  SnapKit: d612e99e678a2d3b95bf60b0705ed0a35c03484a
  WYBasisKit: 654bebde67a8b66d27925c202d00ac3a21e3e86c

PODFILE CHECKSUM: 70734125517d8b32e100b93ab2f5bc2386067dbd

COCOAPODS: 1.16.2
