PODS:
  - Alamofire (5.11.0)
  - IJKPlayerKit (1.0.3)
  - IQKeyboardCore (1.0.8)
  - IQKeyboardManagerSwift (8.0.1):
    - IQKeyboardManagerSwift/Appearance (= 8.0.1)
    - IQKeyboardManagerSwift/Core (= 8.0.1)
    - IQKeyboardManagerSwift/IQKeyboardReturnManager (= 8.0.1)
    - IQKeyboardManagerSwift/IQKeyboardToolbarManager (= 8.0.1)
    - IQKeyboardManagerSwift/IQTextView (= 8.0.1)
    - IQKeyboardManagerSwift/Resign (= 8.0.1)
  - IQKeyboardManagerSwift/Appearance (8.0.1):
    - IQKeyboardManagerSwift/Core
  - IQKeyboardManagerSwift/Core (8.0.1):
    - IQKeyboardNotification
    - IQTextInputViewNotification
  - IQKeyboardManagerSwift/IQKeyboardReturnManager (8.0.1):
    - IQKeyboardReturnManager
  - IQKeyboardManagerSwift/IQKeyboardToolbarManager (8.0.1):
    - IQKeyboardManagerSwift/Core
    - IQKeyboardToolbarManager
  - IQKeyboardManagerSwift/IQTextView (8.0.1):
    - IQTextView
  - IQKeyboardManagerSwift/Resign (8.0.1):
    - IQKeyboardManagerSwift/Core
  - IQKeyboardNotification (1.0.6)
  - IQKeyboardReturnManager (1.0.6):
    - IQKeyboardCore
  - IQKeyboardToolbar (1.1.3):
    - IQKeyboardToolbar/Core (= 1.1.3)
  - IQKeyboardToolbar/Core (1.1.3):
    - IQKeyboardCore
    - IQKeyboardToolbar/Placeholderable
  - IQKeyboardToolbar/Placeholderable (1.1.3)
  - IQKeyboardToolbarManager (1.1.4):
    - IQKeyboardToolbar
    - IQTextInputViewNotification
  - IQTextInputViewNotification (1.0.9):
    - IQKeyboardCore
  - IQTextView (1.0.5):
    - IQKeyboardToolbar/Placeholderable
  - Kingfisher (8.6.2)
  - Masonry (1.1.0)
  - Moya (15.0.0):
    - Moya/Core (= 15.0.0)
  - Moya/Core (15.0.0):
    - Alamofire (~> 5.0)
  - SDWebImage (5.21.5):
    - SDWebImage/Core (= 5.21.5)
  - SDWebImage/Core (5.21.5)
  - SnapKit (5.7.1)
  - WYBasisKit-ObjC (2.0.0):
    - WYBasisKit-ObjC/Activity (= 2.0.0)
    - WYBasisKit-ObjC/AudioKit (= 2.0.0)
    - WYBasisKit-ObjC/Authorization (= 2.0.0)
    - WYBasisKit-ObjC/Codable (= 2.0.0)
    - WYBasisKit-ObjC/Config (= 2.0.0)
    - WYBasisKit-ObjC/EventHandler (= 2.0.0)
    - WYBasisKit-ObjC/Extension (= 2.0.0)
    - WYBasisKit-ObjC/Layout (= 2.0.0)
    - WYBasisKit-ObjC/Localizable (= 2.0.0)
    - WYBasisKit-ObjC/LogManager (= 2.0.0)
    - WYBasisKit-ObjC/Networking (= 2.0.0)
    - WYBasisKit-ObjC/Storage (= 2.0.0)
  - WYBasisKit-ObjC/Activity (2.0.0):
    - WYBasisKit-ObjC/Localizable
    - WYBasisKit-ObjC/LogManager
    - WYBasisKit-Swift/Activity
  - WYBasisKit-ObjC/AudioKit (2.0.0):
    - WYBasisKit-Swift/AudioKit
  - WYBasisKit-ObjC/Authorization (2.0.0):
    - WYBasisKit-ObjC/Authorization/Biometric (= 2.0.0)
    - WYBasisKit-ObjC/Authorization/Camera (= 2.0.0)
    - WYBasisKit-ObjC/Authorization/Contacts (= 2.0.0)
    - WYBasisKit-ObjC/Authorization/Microphone (= 2.0.0)
    - WYBasisKit-ObjC/Authorization/PhotoAlbums (= 2.0.0)
    - WYBasisKit-ObjC/Authorization/SpeechRecognition (= 2.0.0)
  - WYBasisKit-ObjC/Authorization/Biometric (2.0.0):
    - WYBasisKit-ObjC/Localizable
    - WYBasisKit-ObjC/LogManager
    - WYBasisKit-Swift/Authorization/Biometric
  - WYBasisKit-ObjC/Authorization/Camera (2.0.0):
    - WYBasisKit-ObjC/Localizable
    - WYBasisKit-ObjC/LogManager
    - WYBasisKit-Swift/Authorization/Camera
  - WYBasisKit-ObjC/Authorization/Contacts (2.0.0):
    - WYBasisKit-ObjC/Localizable
    - WYBasisKit-ObjC/LogManager
    - WYBasisKit-Swift/Authorization/Contacts
  - WYBasisKit-ObjC/Authorization/Microphone (2.0.0):
    - WYBasisKit-ObjC/Localizable
    - WYBasisKit-ObjC/LogManager
    - WYBasisKit-Swift/Authorization/Microphone
  - WYBasisKit-ObjC/Authorization/PhotoAlbums (2.0.0):
    - WYBasisKit-ObjC/Localizable
    - WYBasisKit-ObjC/LogManager
    - WYBasisKit-Swift/Authorization/PhotoAlbums
  - WYBasisKit-ObjC/Authorization/SpeechRecognition (2.0.0):
    - WYBasisKit-ObjC/Localizable
    - WYBasisKit-ObjC/LogManager
    - WYBasisKit-Swift/Authorization/SpeechRecognition
  - WYBasisKit-ObjC/Codable (2.0.0):
    - WYBasisKit-Swift/Codable
  - WYBasisKit-ObjC/Config (2.0.0):
    - WYBasisKit-Swift/Config
  - WYBasisKit-ObjC/EventHandler (2.0.0):
    - WYBasisKit-Swift/EventHandler
  - WYBasisKit-ObjC/Extension (2.0.0):
    - WYBasisKit-ObjC/Config
    - WYBasisKit-ObjC/Localizable
    - WYBasisKit-ObjC/LogManager
    - WYBasisKit-Swift/Extension
  - WYBasisKit-ObjC/Layout (2.0.0):
    - WYBasisKit-ObjC/Layout/BannerView (= 2.0.0)
    - WYBasisKit-ObjC/Layout/ChatView (= 2.0.0)
    - WYBasisKit-ObjC/Layout/MediaPlayer (= 2.0.0)
    - WYBasisKit-ObjC/Layout/PagingView (= 2.0.0)
    - WYBasisKit-ObjC/Layout/ScrollText (= 2.0.0)
  - WYBasisKit-ObjC/Layout/BannerView (2.0.0):
    - WYBasisKit-ObjC/Localizable
    - WYBasisKit-ObjC/LogManager
    - WYBasisKit-Swift/Layout/BannerView
  - WYBasisKit-ObjC/Layout/ChatView (2.0.0):
    - WYBasisKit-ObjC/Authorization/Microphone
    - WYBasisKit-ObjC/Extension
    - WYBasisKit-ObjC/Localizable
    - WYBasisKit-ObjC/LogManager
    - WYBasisKit-ObjC/Storage
    - WYBasisKit-Swift/Layout/ChatView
  - WYBasisKit-ObjC/Layout/MediaPlayer (2.0.0):
    - WYBasisKit-Swift/Layout/MediaPlayer
  - WYBasisKit-ObjC/Layout/PagingView (2.0.0):
    - WYBasisKit-ObjC/LogManager
    - WYBasisKit-Swift/Layout/PagingView
  - WYBasisKit-ObjC/Layout/ScrollText (2.0.0):
    - WYBasisKit-ObjC/Localizable
    - WYBasisKit-ObjC/LogManager
    - WYBasisKit-Swift/Layout/ScrollText
  - WYBasisKit-ObjC/Localizable (2.0.0):
    - WYBasisKit-ObjC/Config
    - WYBasisKit-Swift/Localizable
  - WYBasisKit-ObjC/LogManager (2.0.0):
    - WYBasisKit-Swift/LogManager
  - WYBasisKit-ObjC/Networking (2.0.0):
    - WYBasisKit-ObjC/Codable
    - WYBasisKit-ObjC/Localizable
    - WYBasisKit-ObjC/Storage
    - WYBasisKit-Swift/Networking
  - WYBasisKit-ObjC/Storage (2.0.0):
    - WYBasisKit-Swift/Storage
  - WYBasisKit-Swift (2.0.0):
    - WYBasisKit-Swift/Activity (= 2.0.0)
    - WYBasisKit-Swift/AudioKit (= 2.0.0)
    - WYBasisKit-Swift/Authorization (= 2.0.0)
    - WYBasisKit-Swift/Codable (= 2.0.0)
    - WYBasisKit-Swift/Config (= 2.0.0)
    - WYBasisKit-Swift/EventHandler (= 2.0.0)
    - WYBasisKit-Swift/Extension (= 2.0.0)
    - WYBasisKit-Swift/Layout (= 2.0.0)
    - WYBasisKit-Swift/Localizable (= 2.0.0)
    - WYBasisKit-Swift/LogManager (= 2.0.0)
    - WYBasisKit-Swift/Networking (= 2.0.0)
    - WYBasisKit-Swift/Storage (= 2.0.0)
  - WYBasisKit-Swift/Activity (2.0.0):
    - WYBasisKit-Swift/Localizable
    - WYBasisKit-Swift/LogManager
  - WYBasisKit-Swift/AudioKit (2.0.0)
  - WYBasisKit-Swift/Authorization (2.0.0):
    - WYBasisKit-Swift/Authorization/Biometric (= 2.0.0)
    - WYBasisKit-Swift/Authorization/Camera (= 2.0.0)
    - WYBasisKit-Swift/Authorization/Contacts (= 2.0.0)
    - WYBasisKit-Swift/Authorization/Microphone (= 2.0.0)
    - WYBasisKit-Swift/Authorization/PhotoAlbums (= 2.0.0)
    - WYBasisKit-Swift/Authorization/SpeechRecognition (= 2.0.0)
  - WYBasisKit-Swift/Authorization/Biometric (2.0.0):
    - WYBasisKit-Swift/Localizable
    - WYBasisKit-Swift/LogManager
  - WYBasisKit-Swift/Authorization/Camera (2.0.0):
    - WYBasisKit-Swift/Localizable
    - WYBasisKit-Swift/LogManager
  - WYBasisKit-Swift/Authorization/Contacts (2.0.0):
    - WYBasisKit-Swift/Localizable
    - WYBasisKit-Swift/LogManager
  - WYBasisKit-Swift/Authorization/Microphone (2.0.0):
    - WYBasisKit-Swift/Localizable
    - WYBasisKit-Swift/LogManager
  - WYBasisKit-Swift/Authorization/PhotoAlbums (2.0.0):
    - WYBasisKit-Swift/Localizable
    - WYBasisKit-Swift/LogManager
  - WYBasisKit-Swift/Authorization/SpeechRecognition (2.0.0):
    - WYBasisKit-Swift/Localizable
    - WYBasisKit-Swift/LogManager
  - WYBasisKit-Swift/Codable (2.0.0)
  - WYBasisKit-Swift/Config (2.0.0)
  - WYBasisKit-Swift/EventHandler (2.0.0)
  - WYBasisKit-Swift/Extension (2.0.0):
    - WYBasisKit-Swift/Config
    - WYBasisKit-Swift/Localizable
    - WYBasisKit-Swift/LogManager
  - WYBasisKit-Swift/Layout (2.0.0):
    - WYBasisKit-Swift/Layout/BannerView (= 2.0.0)
    - WYBasisKit-Swift/Layout/ChatView (= 2.0.0)
    - WYBasisKit-Swift/Layout/MediaPlayer (= 2.0.0)
    - WYBasisKit-Swift/Layout/PagingView (= 2.0.0)
    - WYBasisKit-Swift/Layout/ScrollText (= 2.0.0)
  - WYBasisKit-Swift/Layout/BannerView (2.0.0):
    - WYBasisKit-Swift/Localizable
    - WYBasisKit-Swift/LogManager
  - WYBasisKit-Swift/Layout/ChatView (2.0.0):
    - Kingfisher
    - SnapKit
    - WYBasisKit-Swift/Authorization/Microphone
    - WYBasisKit-Swift/Extension
    - WYBasisKit-Swift/Localizable
    - WYBasisKit-Swift/LogManager
    - WYBasisKit-Swift/Storage
  - WYBasisKit-Swift/Layout/MediaPlayer (2.0.0):
    - IJKPlayerKit
  - WYBasisKit-Swift/Layout/PagingView (2.0.0):
    - WYBasisKit-Swift/LogManager
  - WYBasisKit-Swift/Layout/ScrollText (2.0.0):
    - WYBasisKit-Swift/Localizable
    - WYBasisKit-Swift/LogManager
  - WYBasisKit-Swift/Localizable (2.0.0):
    - WYBasisKit-Swift/Config
  - WYBasisKit-Swift/LogManager (2.0.0)
  - WYBasisKit-Swift/Networking (2.0.0):
    - Moya
    - WYBasisKit-Swift/Codable
    - WYBasisKit-Swift/Localizable
    - WYBasisKit-Swift/Storage
  - WYBasisKit-Swift/Storage (2.0.0)

DEPENDENCIES:
  - IQKeyboardManagerSwift
  - Kingfisher
  - Masonry
  - Moya
  - SDWebImage
  - SnapKit
  - WYBasisKit-ObjC (from `WYBasisKit/WYBasisKit/WYBasisKit`)
  - WYBasisKit-Swift (from `WYBasisKit/WYBasisKit/WYBasisKit`)

SPEC REPOS:
  https://github.com/CocoaPods/Specs.git:
    - Alamofire
    - IJKPlayerKit
    - IQKeyboardCore
    - IQKeyboardManagerSwift
    - IQKeyboardNotification
    - IQKeyboardReturnManager
    - IQKeyboardToolbar
    - IQKeyboardToolbarManager
    - IQTextInputViewNotification
    - IQTextView
    - Kingfisher
    - Masonry
    - Moya
    - SDWebImage
    - SnapKit

EXTERNAL SOURCES:
  WYBasisKit-ObjC:
    :path: WYBasisKit/WYBasisKit/WYBasisKit
  WYBasisKit-Swift:
    :path: WYBasisKit/WYBasisKit/WYBasisKit

SPEC CHECKSUMS:
  Alamofire: bd5e7b23a1a750975288482c1831d71e74415f86
  IJKPlayerKit: 53fda46d5fd4a62a05a031b0a2961c2fa786eaf6
  IQKeyboardCore: 8652977ec919cf5351aa2977fedd1a6546476fbc
  IQKeyboardManagerSwift: 835fc9c6e4732398113406d84900ad2e8f141218
  IQKeyboardNotification: eb4910401f5a0e68f97e71c62f8a0c5b7e9d535c
  IQKeyboardReturnManager: fcbf51fc68d7536fc1fbcca5231c4e82576b12ac
  IQKeyboardToolbar: 9fe900f8e7def414be4025af0ca098df764d4fe3
  IQKeyboardToolbarManager: c8a575e8b5fffe5873d0e75312244498a0759473
  IQTextInputViewNotification: 3b9fb27a16e7ee8958cc9092cfb07a1a9e1fd559
  IQTextView: ae13b4922f22e6f027f62c557d9f4f236b19d5c7
  Kingfisher: 23d18f54677d973b713e54ce6a8f5eef6e7056ba
  Masonry: 678fab65091a9290e40e2832a55e7ab731aad201
  Moya: 138f0573e53411fb3dc17016add0b748dfbd78ee
  SDWebImage: e9c98383c7572d713c1a0d7dd2783b10599b9838
  SnapKit: d612e99e678a2d3b95bf60b0705ed0a35c03484a
  WYBasisKit-ObjC: 6992223ee3c8f07a56dfce1f8660e10250514ddb
  WYBasisKit-Swift: 965803fb78ce7230838b7a477b682e366f41b29c

PODFILE CHECKSUM: 4cfdfaa21583cf91428ba6235469095c761f16c3

COCOAPODS: 1.16.2
