PODS:
  - Alamofire (5.9.1)
  - IQKeyboardManagerSwift (7.0.0)
  - Kingfisher (8.3.3)
  - Moya (15.0.0):
    - Moya/Core (= 15.0.0)
  - Moya/Core (15.0.0):
    - Alamofire (~> 5.0)
  - SnapKit (5.7.1)
  - WYBasisKit-swift/Activity (2.0.0):
    - WYBasisKit-swift/Localizable
  - WYBasisKit-swift/Authorization (2.0.0):
    - WYBasisKit-swift/Authorization/Biometric (= 2.0.0)
    - WYBasisKit-swift/Authorization/Camera (= 2.0.0)
    - WYBasisKit-swift/Authorization/Contacts (= 2.0.0)
    - WYBasisKit-swift/Authorization/Microphone (= 2.0.0)
    - WYBasisKit-swift/Authorization/PhotoAlbums (= 2.0.0)
    - WYBasisKit-swift/Authorization/SpeechRecognition (= 2.0.0)
  - WYBasisKit-swift/Authorization/Biometric (2.0.0):
    - WYBasisKit-swift/Localizable
  - WYBasisKit-swift/Authorization/Camera (2.0.0):
    - WYBasisKit-swift/Localizable
  - WYBasisKit-swift/Authorization/Contacts (2.0.0):
    - WYBasisKit-swift/Localizable
  - WYBasisKit-swift/Authorization/Microphone (2.0.0):
    - WYBasisKit-swift/Localizable
  - WYBasisKit-swift/Authorization/PhotoAlbums (2.0.0):
    - WYBasisKit-swift/Localizable
  - WYBasisKit-swift/Authorization/SpeechRecognition (2.0.0):
    - WYBasisKit-swift/Localizable
  - WYBasisKit-swift/Codable (2.0.0)
  - WYBasisKit-swift/Config (2.0.0)
  - WYBasisKit-swift/Extension (2.0.0):
    - WYBasisKit-swift/Config
    - WYBasisKit-swift/Localizable
  - WYBasisKit-swift/Layout (2.0.0):
    - WYBasisKit-swift/Layout/BannerView (= 2.0.0)
    - WYBasisKit-swift/Layout/ChatView (= 2.0.0)
    - WYBasisKit-swift/Layout/PagingView (= 2.0.0)
    - WYBasisKit-swift/Layout/ScrollText (= 2.0.0)
  - WYBasisKit-swift/Layout/BannerView (2.0.0):
    - Kingfisher
    - WYBasisKit-swift/Localizable
  - WYBasisKit-swift/Layout/ChatView (2.0.0):
    - Kingfisher
    - SnapKit
    - WYBasisKit-swift/Extension
    - WYBasisKit-swift/Localizable
  - WYBasisKit-swift/Layout/PagingView (2.0.0):
    - SnapKit
  - WYBasisKit-swift/Layout/ScrollText (2.0.0):
    - SnapKit
    - WYBasisKit-swift/Localizable
  - WYBasisKit-swift/Localizable (2.0.0):
    - WYBasisKit-swift/Config
  - WYBasisKit-swift/MediaPlayer/Full (2.0.0):
    - Kingfisher
    - SnapKit
  - WYBasisKit-swift/Networking (2.0.0):
    - Moya
    - WYBasisKit-swift/Codable
    - WYBasisKit-swift/Localizable
    - WYBasisKit-swift/Storage
  - WYBasisKit-swift/Storage (2.0.0)

DEPENDENCIES:
  - Alamofire (= 5.9.1)
  - IQKeyboardManagerSwift (= 7.0.0)
  - Kingfisher
  - Moya
  - SnapKit
  - WYBasisKit-swift/Activity (from `WYBasisKit/WYBasisKit/WYBasisKit`)
  - WYBasisKit-swift/Authorization (from `WYBasisKit/WYBasisKit/WYBasisKit`)
  - WYBasisKit-swift/Codable (from `WYBasisKit/WYBasisKit/WYBasisKit`)
  - WYBasisKit-swift/Extension (from `WYBasisKit/WYBasisKit/WYBasisKit`)
  - WYBasisKit-swift/Layout (from `WYBasisKit/WYBasisKit/WYBasisKit`)
  - WYBasisKit-swift/Localizable (from `WYBasisKit/WYBasisKit/WYBasisKit`)
  - WYBasisKit-swift/MediaPlayer/Full (from `WYBasisKit/WYBasisKit/WYBasisKit`)
  - WYBasisKit-swift/Networking (from `WYBasisKit/WYBasisKit/WYBasisKit`)
  - WYBasisKit-swift/Storage (from `WYBasisKit/WYBasisKit/WYBasisKit`)

SPEC REPOS:
  https://mirrors.tuna.tsinghua.edu.cn/git/CocoaPods/Specs.git:
    - Alamofire
    - IQKeyboardManagerSwift
    - Kingfisher
    - Moya
    - SnapKit

EXTERNAL SOURCES:
  WYBasisKit-swift:
    :path: WYBasisKit/WYBasisKit/WYBasisKit

SPEC CHECKSUMS:
  Alamofire: f36a35757af4587d8e4f4bfa223ad10be2422b8c
  IQKeyboardManagerSwift: bd69f3a49f6ead9cb6ce17723cf0c6c9b948d83e
  Kingfisher: ff82cb91d9266ddb56cbb2f72d32c26f00d3e5be
  Moya: 138f0573e53411fb3dc17016add0b748dfbd78ee
  SnapKit: d612e99e678a2d3b95bf60b0705ed0a35c03484a
  WYBasisKit-swift: 0b702286fd2a4ffde2f1a35002780e157832441e

PODFILE CHECKSUM: 9cae18234eae304abeddc93094fc00665eb64792

COCOAPODS: 1.16.2
