// !$*UTF8*$!
{
	archiveVersion = 1;
	classes = {
	};
	objectVersion = 77;
	objects = {

/* Begin PBXBuildFile section */
		580ED5652EA5DA56006012E7 /* SDKRequest.m in Sources */ = {isa = PBXBuildFile; fileRef = 580ED5642EA5DA56006012E7 /* SDKRequest.m */; };
		580ED5682EA5DA9C006012E7 /* SDKRequestContext.m in Sources */ = {isa = PBXBuildFile; fileRef = 580ED5672EA5DA9C006012E7 /* SDKRequestContext.m */; };
		580ED56B2EA5DAE5006012E7 /* SDKResponse.m in Sources */ = {isa = PBXBuildFile; fileRef = 580ED56A2EA5DAE5006012E7 /* SDKResponse.m */; };
		580ED56E2EA5DB0E006012E7 /* UserRequest.m in Sources */ = {isa = PBXBuildFile; fileRef = 580ED56D2EA5DB0E006012E7 /* UserRequest.m */; };
		580ED5712EA5DB37006012E7 /* UserResponse.m in Sources */ = {isa = PBXBuildFile; fileRef = 580ED5702EA5DB37006012E7 /* UserResponse.m */; };
		580ED5742EA5DB55006012E7 /* WYGenericTypeController.m in Sources */ = {isa = PBXBuildFile; fileRef = 580ED5732EA5DB55006012E7 /* WYGenericTypeController.m */; };
		580ED5822EA62AE9006012E7 /* WYArchivedController.m in Sources */ = {isa = PBXBuildFile; fileRef = 580ED5812EA62AE9006012E7 /* WYArchivedController.m */; };
		582732112E9F8CDF00DAD1AA /* WYTestDarkNightModeController.m in Sources */ = {isa = PBXBuildFile; fileRef = 582732102E9F8CDF00DAD1AA /* WYTestDarkNightModeController.m */; };
		584EAF0E2E939052003A21B8 /* WYWebViewController.m in Sources */ = {isa = PBXBuildFile; fileRef = 584EAF0D2E939052003A21B8 /* WYWebViewController.m */; };
		58B46FF22E8D0F6100D04BCA /* WYTabBarController.m in Sources */ = {isa = PBXBuildFile; fileRef = 58B46FF12E8D0F6100D04BCA /* WYTabBarController.m */; };
		58B470142E8D112B00D04BCA /* 秋天的树.png in Resources */ = {isa = PBXBuildFile; fileRef = 58B470052E8D112B00D04BCA /* 秋天的树.png */; };
		58B470152E8D112B00D04BCA /* 蓝天下的花.png in Resources */ = {isa = PBXBuildFile; fileRef = 58B470022E8D112B00D04BCA /* 蓝天下的花.png */; };
		58B470162E8D112B00D04BCA /* 石头上的花.png in Resources */ = {isa = PBXBuildFile; fileRef = 58B470092E8D112B00D04BCA /* 石头上的花.png */; };
		58B470172E8D112B00D04BCA /* [喝彩].png in Resources */ = {isa = PBXBuildFile; fileRef = 58B46FF52E8D112B00D04BCA /* [喝彩].png */; };
		58B470182E8D112B00D04BCA /* mpeg4_local.mp4 in Resources */ = {isa = PBXBuildFile; fileRef = 58B470122E8D112B00D04BCA /* mpeg4_local.mp4 */; };
		58B470192E8D112B00D04BCA /* 沙滩上的石头.png in Resources */ = {isa = PBXBuildFile; fileRef = 58B470082E8D112B00D04BCA /* 沙滩上的石头.png */; };
		58B4701A2E8D112B00D04BCA /* 啤酒.png in Resources */ = {isa = PBXBuildFile; fileRef = 58B470032E8D112B00D04BCA /* 啤酒.png */; };
		58B4701B2E8D112B00D04BCA /* apng_[666].png in Resources */ = {isa = PBXBuildFile; fileRef = 58B4700E2E8D112B00D04BCA /* apng_[666].png */; };
		58B4701C2E8D112B00D04BCA /* 樱花.png in Resources */ = {isa = PBXBuildFile; fileRef = 58B4700D2E8D112B00D04BCA /* 樱花.png */; };
		58B4701D2E8D112B00D04BCA /* 窗花.png in Resources */ = {isa = PBXBuildFile; fileRef = 58B46FFA2E8D112B00D04BCA /* 窗花.png */; };
		58B4701E2E8D112B00D04BCA /* 阳光和窗户.png in Resources */ = {isa = PBXBuildFile; fileRef = 58B4700B2E8D112B00D04BCA /* 阳光和窗户.png */; };
		58B4701F2E8D112B00D04BCA /* 沙滩.png in Resources */ = {isa = PBXBuildFile; fileRef = 58B470062E8D112B00D04BCA /* 沙滩.png */; };
		58B470202E8D112B00D04BCA /* 帆船.png in Resources */ = {isa = PBXBuildFile; fileRef = 58B46FFD2E8D112B00D04BCA /* 帆船.png */; };
		58B470212E8D112B00D04BCA /* 红色爱心.png in Resources */ = {isa = PBXBuildFile; fileRef = 58B46FFE2E8D112B00D04BCA /* 红色爱心.png */; };
		58B470222E8D112B00D04BCA /* 彩色花.png in Resources */ = {isa = PBXBuildFile; fileRef = 58B46FF92E8D112B00D04BCA /* 彩色花.png */; };
		58B470232E8D112B00D04BCA /* bird.gif in Resources */ = {isa = PBXBuildFile; fileRef = 58B470112E8D112B00D04BCA /* bird.gif */; };
		58B470242E8D112B00D04BCA /* 动图2.gif in Resources */ = {isa = PBXBuildFile; fileRef = 58B46FFC2E8D112B00D04BCA /* 动图2.gif */; };
		58B470252E8D112B00D04BCA /* 红色花.png in Resources */ = {isa = PBXBuildFile; fileRef = 58B46FFF2E8D112B00D04BCA /* 红色花.png */; };
		58B470262E8D112B00D04BCA /* 蓝天下的红色花.png in Resources */ = {isa = PBXBuildFile; fileRef = 58B470012E8D112B00D04BCA /* 蓝天下的红色花.png */; };
		58B470272E8D112B00D04BCA /* 沙滩上的花.png in Resources */ = {isa = PBXBuildFile; fileRef = 58B470072E8D112B00D04BCA /* 沙滩上的花.png */; };
		58B470282E8D112B00D04BCA /* [唇].png in Resources */ = {isa = PBXBuildFile; fileRef = 58B46FF42E8D112B00D04BCA /* [唇].png */; };
		58B470292E8D112B00D04BCA /* [666].gif in Resources */ = {isa = PBXBuildFile; fileRef = 58B46FF72E8D112B00D04BCA /* [666].gif */; };
		58B4702A2E8D112B00D04BCA /* 夕阳下的花.png in Resources */ = {isa = PBXBuildFile; fileRef = 58B4700A2E8D112B00D04BCA /* 夕阳下的花.png */; };
		58B4702B2E8D112B00D04BCA /* 世间美好与你环环相扣.mp3 in Resources */ = {isa = PBXBuildFile; fileRef = 58B46FF62E8D112B00D04BCA /* 世间美好与你环环相扣.mp3 */; };
		58B4702C2E8D112B00D04BCA /* apng格式图片2.png in Resources */ = {isa = PBXBuildFile; fileRef = 58B470102E8D112B00D04BCA /* apng格式图片2.png */; };
		58B4702D2E8D112B00D04BCA /* 1650855755919.mp4 in Resources */ = {isa = PBXBuildFile; fileRef = 58B46FF82E8D112B00D04BCA /* 1650855755919.mp4 */; };
		58B4702E2E8D112B00D04BCA /* 动图1.gif in Resources */ = {isa = PBXBuildFile; fileRef = 58B46FFB2E8D112B00D04BCA /* 动图1.gif */; };
		58B4702F2E8D112B00D04BCA /* 墙上的花.png in Resources */ = {isa = PBXBuildFile; fileRef = 58B470042E8D112B00D04BCA /* 墙上的花.png */; };
		58B470302E8D112B00D04BCA /* 阳光蓝天下的花.png in Resources */ = {isa = PBXBuildFile; fileRef = 58B4700C2E8D112B00D04BCA /* 阳光蓝天下的花.png */; };
		58B470312E8D112B00D04BCA /* [爱心].png in Resources */ = {isa = PBXBuildFile; fileRef = 58B46FF32E8D112B00D04BCA /* [爱心].png */; };
		58B470322E8D112B00D04BCA /* apng格式图片1.png in Resources */ = {isa = PBXBuildFile; fileRef = 58B4700F2E8D112B00D04BCA /* apng格式图片1.png */; };
		58B470332E8D112B00D04BCA /* 蓝色小屋.png in Resources */ = {isa = PBXBuildFile; fileRef = 58B470002E8D112B00D04BCA /* 蓝色小屋.png */; };
		58B4703E2E8D11C700D04BCA /* WYMainController.m in Sources */ = {isa = PBXBuildFile; fileRef = 58B4703D2E8D11C700D04BCA /* WYMainController.m */; };
		58B470412E8D11D400D04BCA /* WYCenterController.m in Sources */ = {isa = PBXBuildFile; fileRef = 58B470402E8D11D400D04BCA /* WYCenterController.m */; };
		58B470442E8D11E200D04BCA /* WYRightController.m in Sources */ = {isa = PBXBuildFile; fileRef = 58B470432E8D11E200D04BCA /* WYRightController.m */; };
		58B4704B2E8D32D200D04BCA /* WYLeftControllerHeaderView.m in Sources */ = {isa = PBXBuildFile; fileRef = 58B4704A2E8D32D200D04BCA /* WYLeftControllerHeaderView.m */; };
		58B470502E8D37B000D04BCA /* AppEventDelegate.m in Sources */ = {isa = PBXBuildFile; fileRef = 58B4704F2E8D37B000D04BCA /* AppEventDelegate.m */; };
		58B59FEF2E5D5315008F9C38 /* AppDelegate.m in Sources */ = {isa = PBXBuildFile; fileRef = 58B59FE22E5D5315008F9C38 /* AppDelegate.m */; };
		58B59FF02E5D5315008F9C38 /* main.m in Sources */ = {isa = PBXBuildFile; fileRef = 58B59FE72E5D5315008F9C38 /* main.m */; };
		58B59FF22E5D5315008F9C38 /* ViewController.m in Sources */ = {isa = PBXBuildFile; fileRef = 58B59FED2E5D5315008F9C38 /* ViewController.m */; };
		58B59FF32E5D5315008F9C38 /* Assets.xcassets in Resources */ = {isa = PBXBuildFile; fileRef = 58B59FE32E5D5315008F9C38 /* Assets.xcassets */; };
		58B59FF52E5D5315008F9C38 /* LaunchScreen.storyboard in Resources */ = {isa = PBXBuildFile; fileRef = 58B59FE62E5D5315008F9C38 /* LaunchScreen.storyboard */; };
		58B59FF62E5D5315008F9C38 /* Main.storyboard in Resources */ = {isa = PBXBuildFile; fileRef = 58B59FE92E5D5315008F9C38 /* Main.storyboard */; };
		58BFB87B2F1488920094DDB5 /* WYTableViewGroupedController.m in Sources */ = {isa = PBXBuildFile; fileRef = 58BFB87A2F1488920094DDB5 /* WYTableViewGroupedController.m */; };
		58BFB87F2F1494000094DDB5 /* WYTestDownloadController.m in Sources */ = {isa = PBXBuildFile; fileRef = 58BFB87E2F1494000094DDB5 /* WYTestDownloadController.m */; };
		58BFB8832F14D9950094DDB5 /* WYTestRequestController.m in Sources */ = {isa = PBXBuildFile; fileRef = 58BFB8822F14D9950094DDB5 /* WYTestRequestController.m */; };
		58BFB8872F14DFC70094DDB5 /* WYTestInterfaceOrientationController.m in Sources */ = {isa = PBXBuildFile; fileRef = 58BFB8862F14DFC70094DDB5 /* WYTestInterfaceOrientationController.m */; };
		58BFB88B2F14E5C20094DDB5 /* WYQRCodeController.m in Sources */ = {isa = PBXBuildFile; fileRef = 58BFB88A2F14E5C20094DDB5 /* WYQRCodeController.m */; };
		58BFB88F2F14E6A20094DDB5 /* WYParseGifController.m in Sources */ = {isa = PBXBuildFile; fileRef = 58BFB88E2F14E6A20094DDB5 /* WYParseGifController.m */; };
		58BFB8A12F14E99B0094DDB5 /* WYFlowLayoutAlignmentController.m in Sources */ = {isa = PBXBuildFile; fileRef = 58BFB8A02F14E99B0094DDB5 /* WYFlowLayoutAlignmentController.m */; };
		58BFB8A52F14EE350094DDB5 /* WYTestLiveStreamingController.m in Sources */ = {isa = PBXBuildFile; fileRef = 58BFB8A42F14EE350094DDB5 /* WYTestLiveStreamingController.m */; };
		58BFB8A92F1634040094DDB5 /* WYSpeechRecognitionController.m in Sources */ = {isa = PBXBuildFile; fileRef = 58BFB8A82F1634040094DDB5 /* WYSpeechRecognitionController.m */; };
		58BFB8AB2F16346F0094DDB5 /* WYSpeechRecognitionController.xib in Resources */ = {isa = PBXBuildFile; fileRef = 58BFB8AA2F16346F0094DDB5 /* WYSpeechRecognitionController.xib */; };
		58BFB8AF2F163ACB0094DDB5 /* WYOffLineMethodController.m in Sources */ = {isa = PBXBuildFile; fileRef = 58BFB8AE2F163ACB0094DDB5 /* WYOffLineMethodController.m */; };
		58BFB8B42F16411A0094DDB5 /* WYLogController.m in Sources */ = {isa = PBXBuildFile; fileRef = 58BFB8B32F16411A0094DDB5 /* WYLogController.m */; };
		58BFB8B82F16441A0094DDB5 /* WYTestAudioController.m in Sources */ = {isa = PBXBuildFile; fileRef = 58BFB8B72F16441A0094DDB5 /* WYTestAudioController.m */; };
		58BFB8BC2F1649A20094DDB5 /* WYTestScrollTextController.m in Sources */ = {isa = PBXBuildFile; fileRef = 58BFB8BB2F1649A20094DDB5 /* WYTestScrollTextController.m */; };
		58BFB8C02F18BB6F0094DDB5 /* WYTestPagingViewController.m in Sources */ = {isa = PBXBuildFile; fileRef = 58BFB8BF2F18BB6F0094DDB5 /* WYTestPagingViewController.m */; };
		58BFB8C42F18C3010094DDB5 /* WYTestSideslipCellController.m in Sources */ = {isa = PBXBuildFile; fileRef = 58BFB8C32F18C3010094DDB5 /* WYTestSideslipCellController.m */; };
		58DA4EAD2EA23E6F003EAA2D /* WYTestVibrateController.m in Sources */ = {isa = PBXBuildFile; fileRef = 58DA4EAC2EA23E6F003EAA2D /* WYTestVibrateController.m */; };
		58DA4EB12EA2427D003EAA2D /* WYTestButtonEdgeInsetsController.m in Sources */ = {isa = PBXBuildFile; fileRef = 58DA4EB02EA2427D003EAA2D /* WYTestButtonEdgeInsetsController.m */; };
		58DEA9BD2F0F580200664E13 /* WYTestAnimationController.m in Sources */ = {isa = PBXBuildFile; fileRef = 58DEA9BC2F0F580200664E13 /* WYTestAnimationController.m */; };
		58DEA9C12F0F5A9E00664E13 /* WYTestVisualController.m in Sources */ = {isa = PBXBuildFile; fileRef = 58DEA9C02F0F5A9E00664E13 /* WYTestVisualController.m */; };
		58DEA9C52F0F5E2400664E13 /* WYTestBannerController.m in Sources */ = {isa = PBXBuildFile; fileRef = 58DEA9C42F0F5E2400664E13 /* WYTestBannerController.m */; };
		58DEA9C92F0F7CB600664E13 /* WYTestRichTextController.m in Sources */ = {isa = PBXBuildFile; fileRef = 58DEA9C82F0F7CB600664E13 /* WYTestRichTextController.m */; };
		58DEA9CD2F10F5F300664E13 /* WYMultilevelTableViewController.m in Sources */ = {isa = PBXBuildFile; fileRef = 58DEA9CC2F10F5F300664E13 /* WYMultilevelTableViewController.m */; };
		58DEA9D12F1105EB00664E13 /* WYTableViewPlainController.m in Sources */ = {isa = PBXBuildFile; fileRef = 58DEA9D02F1105EB00664E13 /* WYTableViewPlainController.m */; };
		ECC390919651E39B53C48672 /* Pods_ObjCVerify.framework in Frameworks */ = {isa = PBXBuildFile; fileRef = A235FB04509B2363C98C9226 /* Pods_ObjCVerify.framework */; };
/* End PBXBuildFile section */

/* Begin PBXFileReference section */
		00E93EF8A69093A840C991C9 /* Pods-ObjCVerify.debug.xcconfig */ = {isa = PBXFileReference; includeInIndex = 1; lastKnownFileType = text.xcconfig; name = "Pods-ObjCVerify.debug.xcconfig"; path = "Target Support Files/Pods-ObjCVerify/Pods-ObjCVerify.debug.xcconfig"; sourceTree = "<group>"; };
		287657987D557763A49D167F /* Pods-ObjCVerify.release.xcconfig */ = {isa = PBXFileReference; includeInIndex = 1; lastKnownFileType = text.xcconfig; name = "Pods-ObjCVerify.release.xcconfig"; path = "Target Support Files/Pods-ObjCVerify/Pods-ObjCVerify.release.xcconfig"; sourceTree = "<group>"; };
		580ED5632EA5DA56006012E7 /* SDKRequest.h */ = {isa = PBXFileReference; lastKnownFileType = sourcecode.c.h; path = SDKRequest.h; sourceTree = "<group>"; };
		580ED5642EA5DA56006012E7 /* SDKRequest.m */ = {isa = PBXFileReference; lastKnownFileType = sourcecode.c.objc; path = SDKRequest.m; sourceTree = "<group>"; };
		580ED5662EA5DA9C006012E7 /* SDKRequestContext.h */ = {isa = PBXFileReference; lastKnownFileType = sourcecode.c.h; path = SDKRequestContext.h; sourceTree = "<group>"; };
		580ED5672EA5DA9C006012E7 /* SDKRequestContext.m */ = {isa = PBXFileReference; lastKnownFileType = sourcecode.c.objc; path = SDKRequestContext.m; sourceTree = "<group>"; };
		580ED5692EA5DAE5006012E7 /* SDKResponse.h */ = {isa = PBXFileReference; lastKnownFileType = sourcecode.c.h; path = SDKResponse.h; sourceTree = "<group>"; };
		580ED56A2EA5DAE5006012E7 /* SDKResponse.m */ = {isa = PBXFileReference; lastKnownFileType = sourcecode.c.objc; path = SDKResponse.m; sourceTree = "<group>"; };
		580ED56C2EA5DB0E006012E7 /* UserRequest.h */ = {isa = PBXFileReference; lastKnownFileType = sourcecode.c.h; path = UserRequest.h; sourceTree = "<group>"; };
		580ED56D2EA5DB0E006012E7 /* UserRequest.m */ = {isa = PBXFileReference; lastKnownFileType = sourcecode.c.objc; path = UserRequest.m; sourceTree = "<group>"; };
		580ED56F2EA5DB37006012E7 /* UserResponse.h */ = {isa = PBXFileReference; lastKnownFileType = sourcecode.c.h; path = UserResponse.h; sourceTree = "<group>"; };
		580ED5702EA5DB37006012E7 /* UserResponse.m */ = {isa = PBXFileReference; lastKnownFileType = sourcecode.c.objc; path = UserResponse.m; sourceTree = "<group>"; };
		580ED5722EA5DB55006012E7 /* WYGenericTypeController.h */ = {isa = PBXFileReference; lastKnownFileType = sourcecode.c.h; path = WYGenericTypeController.h; sourceTree = "<group>"; };
		580ED5732EA5DB55006012E7 /* WYGenericTypeController.m */ = {isa = PBXFileReference; lastKnownFileType = sourcecode.c.objc; path = WYGenericTypeController.m; sourceTree = "<group>"; };
		580ED5802EA62AE9006012E7 /* WYArchivedController.h */ = {isa = PBXFileReference; lastKnownFileType = sourcecode.c.h; path = WYArchivedController.h; sourceTree = "<group>"; };
		580ED5812EA62AE9006012E7 /* WYArchivedController.m */ = {isa = PBXFileReference; lastKnownFileType = sourcecode.c.objc; path = WYArchivedController.m; sourceTree = "<group>"; };
		5827320F2E9F8CDF00DAD1AA /* WYTestDarkNightModeController.h */ = {isa = PBXFileReference; lastKnownFileType = sourcecode.c.h; path = WYTestDarkNightModeController.h; sourceTree = "<group>"; };
		582732102E9F8CDF00DAD1AA /* WYTestDarkNightModeController.m */ = {isa = PBXFileReference; lastKnownFileType = sourcecode.c.objc; path = WYTestDarkNightModeController.m; sourceTree = "<group>"; };
		582732462E9FA3ED00DAD1AA /* zh-Hans */ = {isa = PBXFileReference; lastKnownFileType = text.plist.strings; name = "zh-Hans"; path = "zh-Hans.lproj/LaunchScreen.strings"; sourceTree = "<group>"; };
		582732472E9FA3ED00DAD1AA /* zh-Hans */ = {isa = PBXFileReference; lastKnownFileType = text.plist.strings; name = "zh-Hans"; path = "zh-Hans.lproj/Main.strings"; sourceTree = "<group>"; };
		582732482E9FA3F400DAD1AA /* zh-Hant */ = {isa = PBXFileReference; lastKnownFileType = text.plist.strings; name = "zh-Hant"; path = "zh-Hant.lproj/LaunchScreen.strings"; sourceTree = "<group>"; };
		582732492E9FA3F500DAD1AA /* zh-Hant */ = {isa = PBXFileReference; lastKnownFileType = text.plist.strings; name = "zh-Hant"; path = "zh-Hant.lproj/Main.strings"; sourceTree = "<group>"; };
		5827324A2E9FA40000DAD1AA /* fr */ = {isa = PBXFileReference; lastKnownFileType = text.plist.strings; name = fr; path = fr.lproj/LaunchScreen.strings; sourceTree = "<group>"; };
		5827324B2E9FA40000DAD1AA /* fr */ = {isa = PBXFileReference; lastKnownFileType = text.plist.strings; name = fr; path = fr.lproj/Main.strings; sourceTree = "<group>"; };
		5827324C2E9FA41E00DAD1AA /* ja */ = {isa = PBXFileReference; lastKnownFileType = text.plist.strings; name = ja; path = ja.lproj/LaunchScreen.strings; sourceTree = "<group>"; };
		5827324D2E9FA41E00DAD1AA /* ja */ = {isa = PBXFileReference; lastKnownFileType = text.plist.strings; name = ja; path = ja.lproj/Main.strings; sourceTree = "<group>"; };
		5827324E2E9FA44000DAD1AA /* pl */ = {isa = PBXFileReference; lastKnownFileType = text.plist.strings; name = pl; path = pl.lproj/LaunchScreen.strings; sourceTree = "<group>"; };
		5827324F2E9FA44000DAD1AA /* pl */ = {isa = PBXFileReference; lastKnownFileType = text.plist.strings; name = pl; path = pl.lproj/Main.strings; sourceTree = "<group>"; };
		582732502E9FA45800DAD1AA /* da */ = {isa = PBXFileReference; lastKnownFileType = text.plist.strings; name = da; path = da.lproj/LaunchScreen.strings; sourceTree = "<group>"; };
		582732512E9FA45800DAD1AA /* da */ = {isa = PBXFileReference; lastKnownFileType = text.plist.strings; name = da; path = da.lproj/Main.strings; sourceTree = "<group>"; };
		582732522E9FA46900DAD1AA /* fi */ = {isa = PBXFileReference; lastKnownFileType = text.plist.strings; name = fi; path = fi.lproj/LaunchScreen.strings; sourceTree = "<group>"; };
		582732532E9FA46A00DAD1AA /* fi */ = {isa = PBXFileReference; lastKnownFileType = text.plist.strings; name = fi; path = fi.lproj/Main.strings; sourceTree = "<group>"; };
		582732542E9FA47600DAD1AA /* de */ = {isa = PBXFileReference; lastKnownFileType = text.plist.strings; name = de; path = de.lproj/LaunchScreen.strings; sourceTree = "<group>"; };
		582732552E9FA47600DAD1AA /* de */ = {isa = PBXFileReference; lastKnownFileType = text.plist.strings; name = de; path = de.lproj/Main.strings; sourceTree = "<group>"; };
		582732562E9FA48B00DAD1AA /* hi */ = {isa = PBXFileReference; lastKnownFileType = text.plist.strings; name = hi; path = hi.lproj/LaunchScreen.strings; sourceTree = "<group>"; };
		582732572E9FA48B00DAD1AA /* hi */ = {isa = PBXFileReference; lastKnownFileType = text.plist.strings; name = hi; path = hi.lproj/Main.strings; sourceTree = "<group>"; };
		582732582E9FA4A000DAD1AA /* ms */ = {isa = PBXFileReference; lastKnownFileType = text.plist.strings; name = ms; path = ms.lproj/LaunchScreen.strings; sourceTree = "<group>"; };
		582732592E9FA4A000DAD1AA /* ms */ = {isa = PBXFileReference; lastKnownFileType = text.plist.strings; name = ms; path = ms.lproj/Main.strings; sourceTree = "<group>"; };
		5827325A2E9FA4B500DAD1AA /* es */ = {isa = PBXFileReference; lastKnownFileType = text.plist.strings; name = es; path = es.lproj/LaunchScreen.strings; sourceTree = "<group>"; };
		5827325B2E9FA4B500DAD1AA /* es */ = {isa = PBXFileReference; lastKnownFileType = text.plist.strings; name = es; path = es.lproj/Main.strings; sourceTree = "<group>"; };
		5827325C2E9FA4C500DAD1AA /* ru */ = {isa = PBXFileReference; lastKnownFileType = text.plist.strings; name = ru; path = ru.lproj/LaunchScreen.strings; sourceTree = "<group>"; };
		5827325D2E9FA4C500DAD1AA /* ru */ = {isa = PBXFileReference; lastKnownFileType = text.plist.strings; name = ru; path = ru.lproj/Main.strings; sourceTree = "<group>"; };
		5827325E2E9FA54900DAD1AA /* ko */ = {isa = PBXFileReference; lastKnownFileType = text.plist.strings; name = ko; path = ko.lproj/LaunchScreen.strings; sourceTree = "<group>"; };
		5827325F2E9FA54900DAD1AA /* ko */ = {isa = PBXFileReference; lastKnownFileType = text.plist.strings; name = ko; path = ko.lproj/Main.strings; sourceTree = "<group>"; };
		582732602E9FA55B00DAD1AA /* vi */ = {isa = PBXFileReference; lastKnownFileType = text.plist.strings; name = vi; path = vi.lproj/LaunchScreen.strings; sourceTree = "<group>"; };
		582732612E9FA55B00DAD1AA /* vi */ = {isa = PBXFileReference; lastKnownFileType = text.plist.strings; name = vi; path = vi.lproj/Main.strings; sourceTree = "<group>"; };
		582732622E9FA56C00DAD1AA /* uk */ = {isa = PBXFileReference; lastKnownFileType = text.plist.strings; name = uk; path = uk.lproj/LaunchScreen.strings; sourceTree = "<group>"; };
		582732632E9FA56C00DAD1AA /* uk */ = {isa = PBXFileReference; lastKnownFileType = text.plist.strings; name = uk; path = uk.lproj/Main.strings; sourceTree = "<group>"; };
		582732642E9FA58200DAD1AA /* pt-PT */ = {isa = PBXFileReference; lastKnownFileType = text.plist.strings; name = "pt-PT"; path = "pt-PT.lproj/LaunchScreen.strings"; sourceTree = "<group>"; };
		582732652E9FA58200DAD1AA /* pt-PT */ = {isa = PBXFileReference; lastKnownFileType = text.plist.strings; name = "pt-PT"; path = "pt-PT.lproj/Main.strings"; sourceTree = "<group>"; };
		582732662E9FA59A00DAD1AA /* id */ = {isa = PBXFileReference; lastKnownFileType = text.plist.strings; name = id; path = id.lproj/LaunchScreen.strings; sourceTree = "<group>"; };
		582732672E9FA59A00DAD1AA /* id */ = {isa = PBXFileReference; lastKnownFileType = text.plist.strings; name = id; path = id.lproj/Main.strings; sourceTree = "<group>"; };
		582732682E9FA5B600DAD1AA /* el */ = {isa = PBXFileReference; lastKnownFileType = text.plist.strings; name = el; path = el.lproj/LaunchScreen.strings; sourceTree = "<group>"; };
		582732692E9FA5B600DAD1AA /* el */ = {isa = PBXFileReference; lastKnownFileType = text.plist.strings; name = el; path = el.lproj/Main.strings; sourceTree = "<group>"; };
		5827326A2E9FA5C900DAD1AA /* th */ = {isa = PBXFileReference; lastKnownFileType = text.plist.strings; name = th; path = th.lproj/LaunchScreen.strings; sourceTree = "<group>"; };
		5827326B2E9FA5C900DAD1AA /* th */ = {isa = PBXFileReference; lastKnownFileType = text.plist.strings; name = th; path = th.lproj/Main.strings; sourceTree = "<group>"; };
		5827326C2E9FA5E500DAD1AA /* it */ = {isa = PBXFileReference; lastKnownFileType = text.plist.strings; name = it; path = it.lproj/LaunchScreen.strings; sourceTree = "<group>"; };
		5827326D2E9FA5E500DAD1AA /* it */ = {isa = PBXFileReference; lastKnownFileType = text.plist.strings; name = it; path = it.lproj/Main.strings; sourceTree = "<group>"; };
		5827326E2E9FA5F400DAD1AA /* sv */ = {isa = PBXFileReference; lastKnownFileType = text.plist.strings; name = sv; path = sv.lproj/LaunchScreen.strings; sourceTree = "<group>"; };
		5827326F2E9FA5F400DAD1AA /* sv */ = {isa = PBXFileReference; lastKnownFileType = text.plist.strings; name = sv; path = sv.lproj/Main.strings; sourceTree = "<group>"; };
		582732702E9FA60600DAD1AA /* nl */ = {isa = PBXFileReference; lastKnownFileType = text.plist.strings; name = nl; path = nl.lproj/LaunchScreen.strings; sourceTree = "<group>"; };
		582732712E9FA60600DAD1AA /* nl */ = {isa = PBXFileReference; lastKnownFileType = text.plist.strings; name = nl; path = nl.lproj/Main.strings; sourceTree = "<group>"; };
		582732722E9FA61000DAD1AA /* tr */ = {isa = PBXFileReference; lastKnownFileType = text.plist.strings; name = tr; path = tr.lproj/LaunchScreen.strings; sourceTree = "<group>"; };
		582732732E9FA61000DAD1AA /* tr */ = {isa = PBXFileReference; lastKnownFileType = text.plist.strings; name = tr; path = tr.lproj/Main.strings; sourceTree = "<group>"; };
		582732742E9FA62400DAD1AA /* hu */ = {isa = PBXFileReference; lastKnownFileType = text.plist.strings; name = hu; path = hu.lproj/LaunchScreen.strings; sourceTree = "<group>"; };
		582732752E9FA62400DAD1AA /* hu */ = {isa = PBXFileReference; lastKnownFileType = text.plist.strings; name = hu; path = hu.lproj/Main.strings; sourceTree = "<group>"; };
		582732762E9FA65E00DAD1AA /* la */ = {isa = PBXFileReference; lastKnownFileType = text.plist.strings; name = la; path = la.lproj/LaunchScreen.strings; sourceTree = "<group>"; };
		582732772E9FA65E00DAD1AA /* la */ = {isa = PBXFileReference; lastKnownFileType = text.plist.strings; name = la; path = la.lproj/Main.strings; sourceTree = "<group>"; };
		582732782E9FA68900DAD1AA /* nb */ = {isa = PBXFileReference; lastKnownFileType = text.plist.strings; name = nb; path = nb.lproj/LaunchScreen.strings; sourceTree = "<group>"; };
		582732792E9FA68900DAD1AA /* nb */ = {isa = PBXFileReference; lastKnownFileType = text.plist.strings; name = nb; path = nb.lproj/Main.strings; sourceTree = "<group>"; };
		5827327A2E9FA6BB00DAD1AA /* mn */ = {isa = PBXFileReference; lastKnownFileType = text.plist.strings; name = mn; path = mn.lproj/LaunchScreen.strings; sourceTree = "<group>"; };
		5827327B2E9FA6BB00DAD1AA /* mn */ = {isa = PBXFileReference; lastKnownFileType = text.plist.strings; name = mn; path = mn.lproj/Main.strings; sourceTree = "<group>"; };
		5827327C2E9FA6D200DAD1AA /* km */ = {isa = PBXFileReference; lastKnownFileType = text.plist.strings; name = km; path = km.lproj/LaunchScreen.strings; sourceTree = "<group>"; };
		5827327D2E9FA6D200DAD1AA /* km */ = {isa = PBXFileReference; lastKnownFileType = text.plist.strings; name = km; path = km.lproj/Main.strings; sourceTree = "<group>"; };
		584EAF0C2E939052003A21B8 /* WYWebViewController.h */ = {isa = PBXFileReference; lastKnownFileType = sourcecode.c.h; path = WYWebViewController.h; sourceTree = "<group>"; };
		584EAF0D2E939052003A21B8 /* WYWebViewController.m */ = {isa = PBXFileReference; lastKnownFileType = sourcecode.c.objc; path = WYWebViewController.m; sourceTree = "<group>"; };
		58AE5D612F0CA1020025C492 /* libswiftCompatibilitySpan.tbd */ = {isa = PBXFileReference; lastKnownFileType = "sourcecode.text-based-dylib-definition"; name = libswiftCompatibilitySpan.tbd; path = usr/lib/swift/libswiftCompatibilitySpan.tbd; sourceTree = SDKROOT; };
		58B46FF02E8D0F6100D04BCA /* WYTabBarController.h */ = {isa = PBXFileReference; lastKnownFileType = sourcecode.c.h; path = WYTabBarController.h; sourceTree = "<group>"; };
		58B46FF12E8D0F6100D04BCA /* WYTabBarController.m */ = {isa = PBXFileReference; lastKnownFileType = sourcecode.c.objc; path = WYTabBarController.m; sourceTree = "<group>"; };
		58B46FF32E8D112B00D04BCA /* [爱心].png */ = {isa = PBXFileReference; lastKnownFileType = image.png; path = "[爱心].png"; sourceTree = "<group>"; };
		58B46FF42E8D112B00D04BCA /* [唇].png */ = {isa = PBXFileReference; lastKnownFileType = image.png; path = "[唇].png"; sourceTree = "<group>"; };
		58B46FF52E8D112B00D04BCA /* [喝彩].png */ = {isa = PBXFileReference; lastKnownFileType = image.png; path = "[喝彩].png"; sourceTree = "<group>"; };
		58B46FF62E8D112B00D04BCA /* 世间美好与你环环相扣.mp3 */ = {isa = PBXFileReference; lastKnownFileType = audio.mp3; path = "世间美好与你环环相扣.mp3"; sourceTree = "<group>"; };
		58B46FF72E8D112B00D04BCA /* [666].gif */ = {isa = PBXFileReference; lastKnownFileType = image.gif; path = "[666].gif"; sourceTree = "<group>"; };
		58B46FF82E8D112B00D04BCA /* 1650855755919.mp4 */ = {isa = PBXFileReference; lastKnownFileType = file; path = 1650855755919.mp4; sourceTree = "<group>"; };
		58B46FF92E8D112B00D04BCA /* 彩色花.png */ = {isa = PBXFileReference; lastKnownFileType = image.png; path = "彩色花.png"; sourceTree = "<group>"; };
		58B46FFA2E8D112B00D04BCA /* 窗花.png */ = {isa = PBXFileReference; lastKnownFileType = image.png; path = "窗花.png"; sourceTree = "<group>"; };
		58B46FFB2E8D112B00D04BCA /* 动图1.gif */ = {isa = PBXFileReference; lastKnownFileType = image.gif; path = "动图1.gif"; sourceTree = "<group>"; };
		58B46FFC2E8D112B00D04BCA /* 动图2.gif */ = {isa = PBXFileReference; lastKnownFileType = image.gif; path = "动图2.gif"; sourceTree = "<group>"; };
		58B46FFD2E8D112B00D04BCA /* 帆船.png */ = {isa = PBXFileReference; lastKnownFileType = image.png; path = "帆船.png"; sourceTree = "<group>"; };
		58B46FFE2E8D112B00D04BCA /* 红色爱心.png */ = {isa = PBXFileReference; lastKnownFileType = image.png; path = "红色爱心.png"; sourceTree = "<group>"; };
		58B46FFF2E8D112B00D04BCA /* 红色花.png */ = {isa = PBXFileReference; lastKnownFileType = image.png; path = "红色花.png"; sourceTree = "<group>"; };
		58B470002E8D112B00D04BCA /* 蓝色小屋.png */ = {isa = PBXFileReference; lastKnownFileType = image.png; path = "蓝色小屋.png"; sourceTree = "<group>"; };
		58B470012E8D112B00D04BCA /* 蓝天下的红色花.png */ = {isa = PBXFileReference; lastKnownFileType = image.png; path = "蓝天下的红色花.png"; sourceTree = "<group>"; };
		58B470022E8D112B00D04BCA /* 蓝天下的花.png */ = {isa = PBXFileReference; lastKnownFileType = image.png; path = "蓝天下的花.png"; sourceTree = "<group>"; };
		58B470032E8D112B00D04BCA /* 啤酒.png */ = {isa = PBXFileReference; lastKnownFileType = image.png; path = "啤酒.png"; sourceTree = "<group>"; };
		58B470042E8D112B00D04BCA /* 墙上的花.png */ = {isa = PBXFileReference; lastKnownFileType = image.png; path = "墙上的花.png"; sourceTree = "<group>"; };
		58B470052E8D112B00D04BCA /* 秋天的树.png */ = {isa = PBXFileReference; lastKnownFileType = image.png; path = "秋天的树.png"; sourceTree = "<group>"; };
		58B470062E8D112B00D04BCA /* 沙滩.png */ = {isa = PBXFileReference; lastKnownFileType = image.png; path = "沙滩.png"; sourceTree = "<group>"; };
		58B470072E8D112B00D04BCA /* 沙滩上的花.png */ = {isa = PBXFileReference; lastKnownFileType = image.png; path = "沙滩上的花.png"; sourceTree = "<group>"; };
		58B470082E8D112B00D04BCA /* 沙滩上的石头.png */ = {isa = PBXFileReference; lastKnownFileType = image.png; path = "沙滩上的石头.png"; sourceTree = "<group>"; };
		58B470092E8D112B00D04BCA /* 石头上的花.png */ = {isa = PBXFileReference; lastKnownFileType = image.png; path = "石头上的花.png"; sourceTree = "<group>"; };
		58B4700A2E8D112B00D04BCA /* 夕阳下的花.png */ = {isa = PBXFileReference; lastKnownFileType = image.png; path = "夕阳下的花.png"; sourceTree = "<group>"; };
		58B4700B2E8D112B00D04BCA /* 阳光和窗户.png */ = {isa = PBXFileReference; lastKnownFileType = image.png; path = "阳光和窗户.png"; sourceTree = "<group>"; };
		58B4700C2E8D112B00D04BCA /* 阳光蓝天下的花.png */ = {isa = PBXFileReference; lastKnownFileType = image.png; path = "阳光蓝天下的花.png"; sourceTree = "<group>"; };
		58B4700D2E8D112B00D04BCA /* 樱花.png */ = {isa = PBXFileReference; lastKnownFileType = image.png; path = "樱花.png"; sourceTree = "<group>"; };
		58B4700E2E8D112B00D04BCA /* apng_[666].png */ = {isa = PBXFileReference; lastKnownFileType = image.png; path = "apng_[666].png"; sourceTree = "<group>"; };
		58B4700F2E8D112B00D04BCA /* apng格式图片1.png */ = {isa = PBXFileReference; lastKnownFileType = image.png; path = "apng格式图片1.png"; sourceTree = "<group>"; };
		58B470102E8D112B00D04BCA /* apng格式图片2.png */ = {isa = PBXFileReference; lastKnownFileType = image.png; path = "apng格式图片2.png"; sourceTree = "<group>"; };
		58B470112E8D112B00D04BCA /* bird.gif */ = {isa = PBXFileReference; lastKnownFileType = image.gif; path = bird.gif; sourceTree = "<group>"; };
		58B470122E8D112B00D04BCA /* mpeg4_local.mp4 */ = {isa = PBXFileReference; lastKnownFileType = file; path = mpeg4_local.mp4; sourceTree = "<group>"; };
		58B4703C2E8D11C700D04BCA /* WYMainController.h */ = {isa = PBXFileReference; lastKnownFileType = sourcecode.c.h; path = WYMainController.h; sourceTree = "<group>"; };
		58B4703D2E8D11C700D04BCA /* WYMainController.m */ = {isa = PBXFileReference; lastKnownFileType = sourcecode.c.objc; path = WYMainController.m; sourceTree = "<group>"; };
		58B4703F2E8D11D400D04BCA /* WYCenterController.h */ = {isa = PBXFileReference; lastKnownFileType = sourcecode.c.h; path = WYCenterController.h; sourceTree = "<group>"; };
		58B470402E8D11D400D04BCA /* WYCenterController.m */ = {isa = PBXFileReference; lastKnownFileType = sourcecode.c.objc; path = WYCenterController.m; sourceTree = "<group>"; };
		58B470422E8D11E200D04BCA /* WYRightController.h */ = {isa = PBXFileReference; lastKnownFileType = sourcecode.c.h; path = WYRightController.h; sourceTree = "<group>"; };
		58B470432E8D11E200D04BCA /* WYRightController.m */ = {isa = PBXFileReference; lastKnownFileType = sourcecode.c.objc; path = WYRightController.m; sourceTree = "<group>"; };
		58B470492E8D32D200D04BCA /* WYLeftControllerHeaderView.h */ = {isa = PBXFileReference; lastKnownFileType = sourcecode.c.h; path = WYLeftControllerHeaderView.h; sourceTree = "<group>"; };
		58B4704A2E8D32D200D04BCA /* WYLeftControllerHeaderView.m */ = {isa = PBXFileReference; lastKnownFileType = sourcecode.c.objc; path = WYLeftControllerHeaderView.m; sourceTree = "<group>"; };
		58B4704E2E8D37B000D04BCA /* AppEventDelegate.h */ = {isa = PBXFileReference; lastKnownFileType = sourcecode.c.h; path = AppEventDelegate.h; sourceTree = "<group>"; };
		58B4704F2E8D37B000D04BCA /* AppEventDelegate.m */ = {isa = PBXFileReference; lastKnownFileType = sourcecode.c.objc; path = AppEventDelegate.m; sourceTree = "<group>"; };
		58B59FC42E5D530F008F9C38 /* ObjCVerify.app */ = {isa = PBXFileReference; explicitFileType = wrapper.application; includeInIndex = 0; path = ObjCVerify.app; sourceTree = BUILT_PRODUCTS_DIR; };
		58B59FE12E5D5315008F9C38 /* AppDelegate.h */ = {isa = PBXFileReference; lastKnownFileType = sourcecode.c.h; path = AppDelegate.h; sourceTree = "<group>"; };
		58B59FE22E5D5315008F9C38 /* AppDelegate.m */ = {isa = PBXFileReference; lastKnownFileType = sourcecode.c.objc; path = AppDelegate.m; sourceTree = "<group>"; };
		58B59FE32E5D5315008F9C38 /* Assets.xcassets */ = {isa = PBXFileReference; lastKnownFileType = folder.assetcatalog; path = Assets.xcassets; sourceTree = "<group>"; };
		58B59FE42E5D5315008F9C38 /* Info.plist */ = {isa = PBXFileReference; lastKnownFileType = text.plist.xml; path = Info.plist; sourceTree = "<group>"; };
		58B59FE52E5D5315008F9C38 /* Base */ = {isa = PBXFileReference; lastKnownFileType = file.storyboard; name = Base; path = Base.lproj/LaunchScreen.storyboard; sourceTree = "<group>"; };
		58B59FE72E5D5315008F9C38 /* main.m */ = {isa = PBXFileReference; lastKnownFileType = sourcecode.c.objc; path = main.m; sourceTree = "<group>"; };
		58B59FE82E5D5315008F9C38 /* Base */ = {isa = PBXFileReference; lastKnownFileType = file.storyboard; name = Base; path = Base.lproj/Main.storyboard; sourceTree = "<group>"; };
		58B59FEC2E5D5315008F9C38 /* ViewController.h */ = {isa = PBXFileReference; lastKnownFileType = sourcecode.c.h; path = ViewController.h; sourceTree = "<group>"; };
		58B59FED2E5D5315008F9C38 /* ViewController.m */ = {isa = PBXFileReference; lastKnownFileType = sourcecode.c.objc; path = ViewController.m; sourceTree = "<group>"; };
		58BFB8792F1488920094DDB5 /* WYTableViewGroupedController.h */ = {isa = PBXFileReference; lastKnownFileType = sourcecode.c.h; path = WYTableViewGroupedController.h; sourceTree = "<group>"; };
		58BFB87A2F1488920094DDB5 /* WYTableViewGroupedController.m */ = {isa = PBXFileReference; lastKnownFileType = sourcecode.c.objc; path = WYTableViewGroupedController.m; sourceTree = "<group>"; };
		58BFB87D2F1494000094DDB5 /* WYTestDownloadController.h */ = {isa = PBXFileReference; lastKnownFileType = sourcecode.c.h; path = WYTestDownloadController.h; sourceTree = "<group>"; };
		58BFB87E2F1494000094DDB5 /* WYTestDownloadController.m */ = {isa = PBXFileReference; lastKnownFileType = sourcecode.c.objc; path = WYTestDownloadController.m; sourceTree = "<group>"; };
		58BFB8812F14D9950094DDB5 /* WYTestRequestController.h */ = {isa = PBXFileReference; lastKnownFileType = sourcecode.c.h; path = WYTestRequestController.h; sourceTree = "<group>"; };
		58BFB8822F14D9950094DDB5 /* WYTestRequestController.m */ = {isa = PBXFileReference; lastKnownFileType = sourcecode.c.objc; path = WYTestRequestController.m; sourceTree = "<group>"; };
		58BFB8852F14DFC70094DDB5 /* WYTestInterfaceOrientationController.h */ = {isa = PBXFileReference; lastKnownFileType = sourcecode.c.h; path = WYTestInterfaceOrientationController.h; sourceTree = "<group>"; };
		58BFB8862F14DFC70094DDB5 /* WYTestInterfaceOrientationController.m */ = {isa = PBXFileReference; lastKnownFileType = sourcecode.c.objc; path = WYTestInterfaceOrientationController.m; sourceTree = "<group>"; };
		58BFB8892F14E5C20094DDB5 /* WYQRCodeController.h */ = {isa = PBXFileReference; lastKnownFileType = sourcecode.c.h; path = WYQRCodeController.h; sourceTree = "<group>"; };
		58BFB88A2F14E5C20094DDB5 /* WYQRCodeController.m */ = {isa = PBXFileReference; lastKnownFileType = sourcecode.c.objc; path = WYQRCodeController.m; sourceTree = "<group>"; };
		58BFB88D2F14E6A20094DDB5 /* WYParseGifController.h */ = {isa = PBXFileReference; lastKnownFileType = sourcecode.c.h; path = WYParseGifController.h; sourceTree = "<group>"; };
		58BFB88E2F14E6A20094DDB5 /* WYParseGifController.m */ = {isa = PBXFileReference; lastKnownFileType = sourcecode.c.objc; path = WYParseGifController.m; sourceTree = "<group>"; };
		58BFB89F2F14E99B0094DDB5 /* WYFlowLayoutAlignmentController.h */ = {isa = PBXFileReference; lastKnownFileType = sourcecode.c.h; path = WYFlowLayoutAlignmentController.h; sourceTree = "<group>"; };
		58BFB8A02F14E99B0094DDB5 /* WYFlowLayoutAlignmentController.m */ = {isa = PBXFileReference; lastKnownFileType = sourcecode.c.objc; path = WYFlowLayoutAlignmentController.m; sourceTree = "<group>"; };
		58BFB8A32F14EE350094DDB5 /* WYTestLiveStreamingController.h */ = {isa = PBXFileReference; lastKnownFileType = sourcecode.c.h; path = WYTestLiveStreamingController.h; sourceTree = "<group>"; };
		58BFB8A42F14EE350094DDB5 /* WYTestLiveStreamingController.m */ = {isa = PBXFileReference; lastKnownFileType = sourcecode.c.objc; path = WYTestLiveStreamingController.m; sourceTree = "<group>"; };
		58BFB8A72F1634040094DDB5 /* WYSpeechRecognitionController.h */ = {isa = PBXFileReference; lastKnownFileType = sourcecode.c.h; path = WYSpeechRecognitionController.h; sourceTree = "<group>"; };
		58BFB8A82F1634040094DDB5 /* WYSpeechRecognitionController.m */ = {isa = PBXFileReference; lastKnownFileType = sourcecode.c.objc; path = WYSpeechRecognitionController.m; sourceTree = "<group>"; };
		58BFB8AA2F16346F0094DDB5 /* WYSpeechRecognitionController.xib */ = {isa = PBXFileReference; lastKnownFileType = file.xib; path = WYSpeechRecognitionController.xib; sourceTree = "<group>"; };
		58BFB8AD2F163ACB0094DDB5 /* WYOffLineMethodController.h */ = {isa = PBXFileReference; lastKnownFileType = sourcecode.c.h; path = WYOffLineMethodController.h; sourceTree = "<group>"; };
		58BFB8AE2F163ACB0094DDB5 /* WYOffLineMethodController.m */ = {isa = PBXFileReference; lastKnownFileType = sourcecode.c.objc; path = WYOffLineMethodController.m; sourceTree = "<group>"; };
		58BFB8B22F16411A0094DDB5 /* WYLogController.h */ = {isa = PBXFileReference; lastKnownFileType = sourcecode.c.h; path = WYLogController.h; sourceTree = "<group>"; };
		58BFB8B32F16411A0094DDB5 /* WYLogController.m */ = {isa = PBXFileReference; lastKnownFileType = sourcecode.c.objc; path = WYLogController.m; sourceTree = "<group>"; };
		58BFB8B62F16441A0094DDB5 /* WYTestAudioController.h */ = {isa = PBXFileReference; lastKnownFileType = sourcecode.c.h; path = WYTestAudioController.h; sourceTree = "<group>"; };
		58BFB8B72F16441A0094DDB5 /* WYTestAudioController.m */ = {isa = PBXFileReference; lastKnownFileType = sourcecode.c.objc; path = WYTestAudioController.m; sourceTree = "<group>"; };
		58BFB8BA2F1649A20094DDB5 /* WYTestScrollTextController.h */ = {isa = PBXFileReference; lastKnownFileType = sourcecode.c.h; path = WYTestScrollTextController.h; sourceTree = "<group>"; };
		58BFB8BB2F1649A20094DDB5 /* WYTestScrollTextController.m */ = {isa = PBXFileReference; lastKnownFileType = sourcecode.c.objc; path = WYTestScrollTextController.m; sourceTree = "<group>"; };
		58BFB8BE2F18BB6F0094DDB5 /* WYTestPagingViewController.h */ = {isa = PBXFileReference; lastKnownFileType = sourcecode.c.h; path = WYTestPagingViewController.h; sourceTree = "<group>"; };
		58BFB8BF2F18BB6F0094DDB5 /* WYTestPagingViewController.m */ = {isa = PBXFileReference; lastKnownFileType = sourcecode.c.objc; path = WYTestPagingViewController.m; sourceTree = "<group>"; };
		58BFB8C22F18C3010094DDB5 /* WYTestSideslipCellController.h */ = {isa = PBXFileReference; lastKnownFileType = sourcecode.c.h; path = WYTestSideslipCellController.h; sourceTree = "<group>"; };
		58BFB8C32F18C3010094DDB5 /* WYTestSideslipCellController.m */ = {isa = PBXFileReference; lastKnownFileType = sourcecode.c.objc; path = WYTestSideslipCellController.m; sourceTree = "<group>"; };
		58DA4EAB2EA23E6F003EAA2D /* WYTestVibrateController.h */ = {isa = PBXFileReference; lastKnownFileType = sourcecode.c.h; path = WYTestVibrateController.h; sourceTree = "<group>"; };
		58DA4EAC2EA23E6F003EAA2D /* WYTestVibrateController.m */ = {isa = PBXFileReference; lastKnownFileType = sourcecode.c.objc; path = WYTestVibrateController.m; sourceTree = "<group>"; };
		58DA4EAF2EA2427D003EAA2D /* WYTestButtonEdgeInsetsController.h */ = {isa = PBXFileReference; lastKnownFileType = sourcecode.c.h; path = WYTestButtonEdgeInsetsController.h; sourceTree = "<group>"; };
		58DA4EB02EA2427D003EAA2D /* WYTestButtonEdgeInsetsController.m */ = {isa = PBXFileReference; lastKnownFileType = sourcecode.c.objc; path = WYTestButtonEdgeInsetsController.m; sourceTree = "<group>"; };
		58DEA9BB2F0F580200664E13 /* WYTestAnimationController.h */ = {isa = PBXFileReference; lastKnownFileType = sourcecode.c.h; path = WYTestAnimationController.h; sourceTree = "<group>"; };
		58DEA9BC2F0F580200664E13 /* WYTestAnimationController.m */ = {isa = PBXFileReference; lastKnownFileType = sourcecode.c.objc; path = WYTestAnimationController.m; sourceTree = "<group>"; };
		58DEA9BF2F0F5A9E00664E13 /* WYTestVisualController.h */ = {isa = PBXFileReference; lastKnownFileType = sourcecode.c.h; path = WYTestVisualController.h; sourceTree = "<group>"; };
		58DEA9C02F0F5A9E00664E13 /* WYTestVisualController.m */ = {isa = PBXFileReference; lastKnownFileType = sourcecode.c.objc; path = WYTestVisualController.m; sourceTree = "<group>"; };
		58DEA9C32F0F5E2400664E13 /* WYTestBannerController.h */ = {isa = PBXFileReference; lastKnownFileType = sourcecode.c.h; path = WYTestBannerController.h; sourceTree = "<group>"; };
		58DEA9C42F0F5E2400664E13 /* WYTestBannerController.m */ = {isa = PBXFileReference; lastKnownFileType = sourcecode.c.objc; path = WYTestBannerController.m; sourceTree = "<group>"; };
		58DEA9C72F0F7CB600664E13 /* WYTestRichTextController.h */ = {isa = PBXFileReference; lastKnownFileType = sourcecode.c.h; path = WYTestRichTextController.h; sourceTree = "<group>"; };
		58DEA9C82F0F7CB600664E13 /* WYTestRichTextController.m */ = {isa = PBXFileReference; lastKnownFileType = sourcecode.c.objc; path = WYTestRichTextController.m; sourceTree = "<group>"; };
		58DEA9CB2F10F5F300664E13 /* WYMultilevelTableViewController.h */ = {isa = PBXFileReference; lastKnownFileType = sourcecode.c.h; path = WYMultilevelTableViewController.h; sourceTree = "<group>"; };
		58DEA9CC2F10F5F300664E13 /* WYMultilevelTableViewController.m */ = {isa = PBXFileReference; lastKnownFileType = sourcecode.c.objc; path = WYMultilevelTableViewController.m; sourceTree = "<group>"; };
		58DEA9CF2F1105EB00664E13 /* WYTableViewPlainController.h */ = {isa = PBXFileReference; lastKnownFileType = sourcecode.c.h; path = WYTableViewPlainController.h; sourceTree = "<group>"; };
		58DEA9D02F1105EB00664E13 /* WYTableViewPlainController.m */ = {isa = PBXFileReference; lastKnownFileType = sourcecode.c.objc; path = WYTableViewPlainController.m; sourceTree = "<group>"; };
		A235FB04509B2363C98C9226 /* Pods_ObjCVerify.framework */ = {isa = PBXFileReference; explicitFileType = wrapper.framework; includeInIndex = 0; path = Pods_ObjCVerify.framework; sourceTree = BUILT_PRODUCTS_DIR; };
/* End PBXFileReference section */

/* Begin PBXFrameworksBuildPhase section */
		58B59FC12E5D530F008F9C38 /* Frameworks */ = {
			isa = PBXFrameworksBuildPhase;
			buildActionMask = 2147483647;
			files = (
				ECC390919651E39B53C48672 /* Pods_ObjCVerify.framework in Frameworks */,
			);
			runOnlyForDeploymentPostprocessing = 0;
		};
/* End PBXFrameworksBuildPhase section */

/* Begin PBXGroup section */
		15E2BC7140A6A61BCE62930B /* Pods */ = {
			isa = PBXGroup;
			children = (
				00E93EF8A69093A840C991C9 /* Pods-ObjCVerify.debug.xcconfig */,
				287657987D557763A49D167F /* Pods-ObjCVerify.release.xcconfig */,
			);
			name = Pods;
			path = ../Pods;
			sourceTree = "<group>";
		};
		580ED5622EA5DA3D006012E7 /* 泛型 */ = {
			isa = PBXGroup;
			children = (
				580ED5632EA5DA56006012E7 /* SDKRequest.h */,
				580ED5642EA5DA56006012E7 /* SDKRequest.m */,
				580ED56C2EA5DB0E006012E7 /* UserRequest.h */,
				580ED56D2EA5DB0E006012E7 /* UserRequest.m */,
				580ED5692EA5DAE5006012E7 /* SDKResponse.h */,
				580ED56A2EA5DAE5006012E7 /* SDKResponse.m */,
				580ED56F2EA5DB37006012E7 /* UserResponse.h */,
				580ED5702EA5DB37006012E7 /* UserResponse.m */,
				580ED5662EA5DA9C006012E7 /* SDKRequestContext.h */,
				580ED5672EA5DA9C006012E7 /* SDKRequestContext.m */,
				580ED5722EA5DB55006012E7 /* WYGenericTypeController.h */,
				580ED5732EA5DB55006012E7 /* WYGenericTypeController.m */,
			);
			path = "泛型";
			sourceTree = "<group>";
		};
		580ED57F2EA62ADE006012E7 /* 归档解归档 */ = {
			isa = PBXGroup;
			children = (
				580ED5802EA62AE9006012E7 /* WYArchivedController.h */,
				580ED5812EA62AE9006012E7 /* WYArchivedController.m */,
			);
			path = "归档解归档";
			sourceTree = "<group>";
		};
		5827320E2E9F8CAB00DAD1AA /* 暗夜、白昼模式 */ = {
			isa = PBXGroup;
			children = (
				5827320F2E9F8CDF00DAD1AA /* WYTestDarkNightModeController.h */,
				582732102E9F8CDF00DAD1AA /* WYTestDarkNightModeController.m */,
			);
			path = "暗夜、白昼模式";
			sourceTree = "<group>";
		};
		584EAF0B2E939036003A21B8 /* WKWebView */ = {
			isa = PBXGroup;
			children = (
				584EAF0C2E939052003A21B8 /* WYWebViewController.h */,
				584EAF0D2E939052003A21B8 /* WYWebViewController.m */,
			);
			path = WKWebView;
			sourceTree = "<group>";
		};
		58B470132E8D112B00D04BCA /* Resource */ = {
			isa = PBXGroup;
			children = (
				58B46FF72E8D112B00D04BCA /* [666].gif */,
				58B46FF82E8D112B00D04BCA /* 1650855755919.mp4 */,
				58B46FF92E8D112B00D04BCA /* 彩色花.png */,
				58B46FFA2E8D112B00D04BCA /* 窗花.png */,
				58B46FFB2E8D112B00D04BCA /* 动图1.gif */,
				58B46FFC2E8D112B00D04BCA /* 动图2.gif */,
				58B46FFD2E8D112B00D04BCA /* 帆船.png */,
				58B46FFE2E8D112B00D04BCA /* 红色爱心.png */,
				58B46FFF2E8D112B00D04BCA /* 红色花.png */,
				58B470002E8D112B00D04BCA /* 蓝色小屋.png */,
				58B470012E8D112B00D04BCA /* 蓝天下的红色花.png */,
				58B470022E8D112B00D04BCA /* 蓝天下的花.png */,
				58B470032E8D112B00D04BCA /* 啤酒.png */,
				58B470042E8D112B00D04BCA /* 墙上的花.png */,
				58B470052E8D112B00D04BCA /* 秋天的树.png */,
				58B470062E8D112B00D04BCA /* 沙滩.png */,
				58B470072E8D112B00D04BCA /* 沙滩上的花.png */,
				58B470082E8D112B00D04BCA /* 沙滩上的石头.png */,
				58B470092E8D112B00D04BCA /* 石头上的花.png */,
				58B4700A2E8D112B00D04BCA /* 夕阳下的花.png */,
				58B4700B2E8D112B00D04BCA /* 阳光和窗户.png */,
				58B4700C2E8D112B00D04BCA /* 阳光蓝天下的花.png */,
				58B4700D2E8D112B00D04BCA /* 樱花.png */,
				58B4700E2E8D112B00D04BCA /* apng_[666].png */,
				58B4700F2E8D112B00D04BCA /* apng格式图片1.png */,
				58B470102E8D112B00D04BCA /* apng格式图片2.png */,
				58B470112E8D112B00D04BCA /* bird.gif */,
				58B470122E8D112B00D04BCA /* mpeg4_local.mp4 */,
			);
			path = Resource;
			sourceTree = "<group>";
		};
		58B470342E8D113800D04BCA /* Examples */ = {
			isa = PBXGroup;
			children = (
				58B470482E8D329600D04BCA /* Controller */,
				58B470472E8D328800D04BCA /* View */,
				58B4704D2E8D374F00D04BCA /* Event */,
			);
			path = Examples;
			sourceTree = "<group>";
		};
		58B470352E8D114C00D04BCA /* Tabbar */ = {
			isa = PBXGroup;
			children = (
				58B470362E8D115C00D04BCA /* Main */,
				58B470372E8D116300D04BCA /* Center */,
				58B470382E8D116A00D04BCA /* Right */,
			);
			path = Tabbar;
			sourceTree = "<group>";
		};
		58B470362E8D115C00D04BCA /* Main */ = {
			isa = PBXGroup;
			children = (
				58B4703C2E8D11C700D04BCA /* WYMainController.h */,
				58B4703D2E8D11C700D04BCA /* WYMainController.m */,
			);
			path = Main;
			sourceTree = "<group>";
		};
		58B470372E8D116300D04BCA /* Center */ = {
			isa = PBXGroup;
			children = (
				58B4703F2E8D11D400D04BCA /* WYCenterController.h */,
				58B470402E8D11D400D04BCA /* WYCenterController.m */,
			);
			path = Center;
			sourceTree = "<group>";
		};
		58B470382E8D116A00D04BCA /* Right */ = {
			isa = PBXGroup;
			children = (
				58B470422E8D11E200D04BCA /* WYRightController.h */,
				58B470432E8D11E200D04BCA /* WYRightController.m */,
			);
			path = Right;
			sourceTree = "<group>";
		};
		58B470472E8D328800D04BCA /* View */ = {
			isa = PBXGroup;
			children = (
				58B470492E8D32D200D04BCA /* WYLeftControllerHeaderView.h */,
				58B4704A2E8D32D200D04BCA /* WYLeftControllerHeaderView.m */,
			);
			path = View;
			sourceTree = "<group>";
		};
		58B470482E8D329600D04BCA /* Controller */ = {
			isa = PBXGroup;
			children = (
				5827320E2E9F8CAB00DAD1AA /* 暗夜、白昼模式 */,
				58DEA9BE2F0F5A8C00664E13 /* 边框、圆角、阴影、渐变 */,
				58BFB8882F14E59D0094DDB5 /* 二维码 */,
				580ED5622EA5DA3D006012E7 /* 泛型 */,
				58BFB8BD2F18B83A0094DDB5 /* 分页控制器 */,
				58DEA9C62F0F7CA900664E13 /* 富文本 */,
				580ED57F2EA62ADE006012E7 /* 归档解归档 */,
				58BFB8AC2F163ABB0094DDB5 /* 离线方法调用 */,
				58BFB8842F14DFBC0094DDB5 /* 屏幕旋转 */,
				58BFB8902F14E82F0094DDB5 /* 瀑布流 */,
				58BFB8B12F1640B40094DDB5 /* 日志输出与保存 */,
				58DA4EAA2EA23E41003EAA2D /* 设备振动 */,
				58BFB8802F14D9730094DDB5 /* 网络请求 */,
				58BFB8B92F16495F0094DDB5 /* 文本轮播 */,
				58DEA9CA2F10F5D900664E13 /* 无限层折叠TableView */,
				58BFB87C2F1493E60094DDB5 /* 下载与缓存 */,
				58BFB8B52F16439C0094DDB5 /* 音频录制与播放 */,
				58BFB8A62F1633AB0094DDB5 /* 语音识别 */,
				58DEA9BA2F0F57E900664E13 /* 约束view添加动画 */,
				58BFB8A22F14EE0B0094DDB5 /* 直播、点播播放器 */,
				58DEA9C22F0F5E1100664E13 /* Banner轮播 */,
				58DA4EAE2EA24270003EAA2D /* ButtonEdgeInsets */,
				58BFB88C2F14E6780094DDB5 /* Gif加载 */,
				58B470352E8D114C00D04BCA /* Tabbar */,
				58BFB8782F1487DD0094DDB5 /* tableView.grouped */,
				58DEA9CE2F1105CC00664E13 /* tableView.plain */,
				58BFB8C12F18C2EF0094DDB5 /* TableViewCell侧滑 */,
				584EAF0B2E939036003A21B8 /* WKWebView */,
			);
			path = Controller;
			sourceTree = "<group>";
		};
		58B4704D2E8D374F00D04BCA /* Event */ = {
			isa = PBXGroup;
			children = (
				58B4704E2E8D37B000D04BCA /* AppEventDelegate.h */,
				58B4704F2E8D37B000D04BCA /* AppEventDelegate.m */,
			);
			path = Event;
			sourceTree = "<group>";
		};
		58B59FBB2E5D530F008F9C38 = {
			isa = PBXGroup;
			children = (
				58B59FEE2E5D5315008F9C38 /* ObjCVerify */,
				58B59FC52E5D530F008F9C38 /* Products */,
				15E2BC7140A6A61BCE62930B /* Pods */,
				9B1FAA5163C0754EF01A1929 /* Frameworks */,
			);
			sourceTree = "<group>";
		};
		58B59FC52E5D530F008F9C38 /* Products */ = {
			isa = PBXGroup;
			children = (
				58B59FC42E5D530F008F9C38 /* ObjCVerify.app */,
			);
			name = Products;
			sourceTree = "<group>";
		};
		58B59FEE2E5D5315008F9C38 /* ObjCVerify */ = {
			isa = PBXGroup;
			children = (
				58B470342E8D113800D04BCA /* Examples */,
				58B470132E8D112B00D04BCA /* Resource */,
				58B46FF32E8D112B00D04BCA /* [爱心].png */,
				58B46FF42E8D112B00D04BCA /* [唇].png */,
				58B46FF52E8D112B00D04BCA /* [喝彩].png */,
				58B46FF62E8D112B00D04BCA /* 世间美好与你环环相扣.mp3 */,
				58B59FE12E5D5315008F9C38 /* AppDelegate.h */,
				58B59FE22E5D5315008F9C38 /* AppDelegate.m */,
				58B59FE32E5D5315008F9C38 /* Assets.xcassets */,
				58B59FE42E5D5315008F9C38 /* Info.plist */,
				58B59FE62E5D5315008F9C38 /* LaunchScreen.storyboard */,
				58B59FE72E5D5315008F9C38 /* main.m */,
				58B59FE92E5D5315008F9C38 /* Main.storyboard */,
				58B59FEC2E5D5315008F9C38 /* ViewController.h */,
				58B59FED2E5D5315008F9C38 /* ViewController.m */,
				58B46FF02E8D0F6100D04BCA /* WYTabBarController.h */,
				58B46FF12E8D0F6100D04BCA /* WYTabBarController.m */,
			);
			path = ObjCVerify;
			sourceTree = "<group>";
		};
		58BFB8782F1487DD0094DDB5 /* tableView.grouped */ = {
			isa = PBXGroup;
			children = (
				58BFB8792F1488920094DDB5 /* WYTableViewGroupedController.h */,
				58BFB87A2F1488920094DDB5 /* WYTableViewGroupedController.m */,
			);
			path = tableView.grouped;
			sourceTree = "<group>";
		};
		58BFB87C2F1493E60094DDB5 /* 下载与缓存 */ = {
			isa = PBXGroup;
			children = (
				58BFB87D2F1494000094DDB5 /* WYTestDownloadController.h */,
				58BFB87E2F1494000094DDB5 /* WYTestDownloadController.m */,
			);
			path = "下载与缓存";
			sourceTree = "<group>";
		};
		58BFB8802F14D9730094DDB5 /* 网络请求 */ = {
			isa = PBXGroup;
			children = (
				58BFB8812F14D9950094DDB5 /* WYTestRequestController.h */,
				58BFB8822F14D9950094DDB5 /* WYTestRequestController.m */,
			);
			path = "网络请求";
			sourceTree = "<group>";
		};
		58BFB8842F14DFBC0094DDB5 /* 屏幕旋转 */ = {
			isa = PBXGroup;
			children = (
				58BFB8852F14DFC70094DDB5 /* WYTestInterfaceOrientationController.h */,
				58BFB8862F14DFC70094DDB5 /* WYTestInterfaceOrientationController.m */,
			);
			path = "屏幕旋转";
			sourceTree = "<group>";
		};
		58BFB8882F14E59D0094DDB5 /* 二维码 */ = {
			isa = PBXGroup;
			children = (
				58BFB8892F14E5C20094DDB5 /* WYQRCodeController.h */,
				58BFB88A2F14E5C20094DDB5 /* WYQRCodeController.m */,
			);
			path = "二维码";
			sourceTree = "<group>";
		};
		58BFB88C2F14E6780094DDB5 /* Gif加载 */ = {
			isa = PBXGroup;
			children = (
				58BFB88D2F14E6A20094DDB5 /* WYParseGifController.h */,
				58BFB88E2F14E6A20094DDB5 /* WYParseGifController.m */,
			);
			path = "Gif加载";
			sourceTree = "<group>";
		};
		58BFB8902F14E82F0094DDB5 /* 瀑布流 */ = {
			isa = PBXGroup;
			children = (
				58BFB89F2F14E99B0094DDB5 /* WYFlowLayoutAlignmentController.h */,
				58BFB8A02F14E99B0094DDB5 /* WYFlowLayoutAlignmentController.m */,
			);
			path = "瀑布流";
			sourceTree = "<group>";
		};
		58BFB8A22F14EE0B0094DDB5 /* 直播、点播播放器 */ = {
			isa = PBXGroup;
			children = (
				58BFB8A32F14EE350094DDB5 /* WYTestLiveStreamingController.h */,
				58BFB8A42F14EE350094DDB5 /* WYTestLiveStreamingController.m */,
			);
			path = "直播、点播播放器";
			sourceTree = "<group>";
		};
		58BFB8A62F1633AB0094DDB5 /* 语音识别 */ = {
			isa = PBXGroup;
			children = (
				58BFB8A72F1634040094DDB5 /* WYSpeechRecognitionController.h */,
				58BFB8A82F1634040094DDB5 /* WYSpeechRecognitionController.m */,
				58BFB8AA2F16346F0094DDB5 /* WYSpeechRecognitionController.xib */,
			);
			path = "语音识别";
			sourceTree = "<group>";
		};
		58BFB8AC2F163ABB0094DDB5 /* 离线方法调用 */ = {
			isa = PBXGroup;
			children = (
				58BFB8AD2F163ACB0094DDB5 /* WYOffLineMethodController.h */,
				58BFB8AE2F163ACB0094DDB5 /* WYOffLineMethodController.m */,
			);
			path = "离线方法调用";
			sourceTree = "<group>";
		};
		58BFB8B12F1640B40094DDB5 /* 日志输出与保存 */ = {
			isa = PBXGroup;
			children = (
				58BFB8B22F16411A0094DDB5 /* WYLogController.h */,
				58BFB8B32F16411A0094DDB5 /* WYLogController.m */,
			);
			path = "日志输出与保存";
			sourceTree = "<group>";
		};
		58BFB8B52F16439C0094DDB5 /* 音频录制与播放 */ = {
			isa = PBXGroup;
			children = (
				58BFB8B62F16441A0094DDB5 /* WYTestAudioController.h */,
				58BFB8B72F16441A0094DDB5 /* WYTestAudioController.m */,
			);
			path = "音频录制与播放";
			sourceTree = "<group>";
		};
		58BFB8B92F16495F0094DDB5 /* 文本轮播 */ = {
			isa = PBXGroup;
			children = (
				58BFB8BA2F1649A20094DDB5 /* WYTestScrollTextController.h */,
				58BFB8BB2F1649A20094DDB5 /* WYTestScrollTextController.m */,
			);
			path = "文本轮播";
			sourceTree = "<group>";
		};
		58BFB8BD2F18B83A0094DDB5 /* 分页控制器 */ = {
			isa = PBXGroup;
			children = (
				58BFB8BE2F18BB6F0094DDB5 /* WYTestPagingViewController.h */,
				58BFB8BF2F18BB6F0094DDB5 /* WYTestPagingViewController.m */,
			);
			path = "分页控制器";
			sourceTree = "<group>";
		};
		58BFB8C12F18C2EF0094DDB5 /* TableViewCell侧滑 */ = {
			isa = PBXGroup;
			children = (
				58BFB8C22F18C3010094DDB5 /* WYTestSideslipCellController.h */,
				58BFB8C32F18C3010094DDB5 /* WYTestSideslipCellController.m */,
			);
			path = "TableViewCell侧滑";
			sourceTree = "<group>";
		};
		58DA4EAA2EA23E41003EAA2D /* 设备振动 */ = {
			isa = PBXGroup;
			children = (
				58DA4EAB2EA23E6F003EAA2D /* WYTestVibrateController.h */,
				58DA4EAC2EA23E6F003EAA2D /* WYTestVibrateController.m */,
			);
			path = "设备振动";
			sourceTree = "<group>";
		};
		58DA4EAE2EA24270003EAA2D /* ButtonEdgeInsets */ = {
			isa = PBXGroup;
			children = (
				58DA4EAF2EA2427D003EAA2D /* WYTestButtonEdgeInsetsController.h */,
				58DA4EB02EA2427D003EAA2D /* WYTestButtonEdgeInsetsController.m */,
			);
			path = ButtonEdgeInsets;
			sourceTree = "<group>";
		};
		58DEA9BA2F0F57E900664E13 /* 约束view添加动画 */ = {
			isa = PBXGroup;
			children = (
				58DEA9BB2F0F580200664E13 /* WYTestAnimationController.h */,
				58DEA9BC2F0F580200664E13 /* WYTestAnimationController.m */,
			);
			path = "约束view添加动画";
			sourceTree = "<group>";
		};
		58DEA9BE2F0F5A8C00664E13 /* 边框、圆角、阴影、渐变 */ = {
			isa = PBXGroup;
			children = (
				58DEA9BF2F0F5A9E00664E13 /* WYTestVisualController.h */,
				58DEA9C02F0F5A9E00664E13 /* WYTestVisualController.m */,
			);
			path = "边框、圆角、阴影、渐变";
			sourceTree = "<group>";
		};
		58DEA9C22F0F5E1100664E13 /* Banner轮播 */ = {
			isa = PBXGroup;
			children = (
				58DEA9C32F0F5E2400664E13 /* WYTestBannerController.h */,
				58DEA9C42F0F5E2400664E13 /* WYTestBannerController.m */,
			);
			path = "Banner轮播";
			sourceTree = "<group>";
		};
		58DEA9C62F0F7CA900664E13 /* 富文本 */ = {
			isa = PBXGroup;
			children = (
				58DEA9C72F0F7CB600664E13 /* WYTestRichTextController.h */,
				58DEA9C82F0F7CB600664E13 /* WYTestRichTextController.m */,
			);
			path = "富文本";
			sourceTree = "<group>";
		};
		58DEA9CA2F10F5D900664E13 /* 无限层折叠TableView */ = {
			isa = PBXGroup;
			children = (
				58DEA9CB2F10F5F300664E13 /* WYMultilevelTableViewController.h */,
				58DEA9CC2F10F5F300664E13 /* WYMultilevelTableViewController.m */,
			);
			path = "无限层折叠TableView";
			sourceTree = "<group>";
		};
		58DEA9CE2F1105CC00664E13 /* tableView.plain */ = {
			isa = PBXGroup;
			children = (
				58DEA9CF2F1105EB00664E13 /* WYTableViewPlainController.h */,
				58DEA9D02F1105EB00664E13 /* WYTableViewPlainController.m */,
			);
			path = tableView.plain;
			sourceTree = "<group>";
		};
		9B1FAA5163C0754EF01A1929 /* Frameworks */ = {
			isa = PBXGroup;
			children = (
				58AE5D612F0CA1020025C492 /* libswiftCompatibilitySpan.tbd */,
				A235FB04509B2363C98C9226 /* Pods_ObjCVerify.framework */,
			);
			name = Frameworks;
			sourceTree = "<group>";
		};
/* End PBXGroup section */

/* Begin PBXNativeTarget section */
		58B59FC32E5D530F008F9C38 /* ObjCVerify */ = {
			isa = PBXNativeTarget;
			buildConfigurationList = 58B59FDC2E5D5310008F9C38 /* Build configuration list for PBXNativeTarget "ObjCVerify" */;
			buildPhases = (
				5C2965F9A0E55BFDEC7239A3 /* [CP] Check Pods Manifest.lock */,
				58B59FC02E5D530F008F9C38 /* Sources */,
				58B59FC12E5D530F008F9C38 /* Frameworks */,
				58B59FC22E5D530F008F9C38 /* Resources */,
				B305F3C4ED74A5BF6DE19A05 /* [CP] Embed Pods Frameworks */,
				EFC244E333B24E1CF0EE0ACF /* [CP] Copy Pods Resources */,
			);
			buildRules = (
			);
			dependencies = (
			);
			name = ObjCVerify;
			productName = ObjCVerify;
			productReference = 58B59FC42E5D530F008F9C38 /* ObjCVerify.app */;
			productType = "com.apple.product-type.application";
		};
/* End PBXNativeTarget section */

/* Begin PBXProject section */
		58B59FBC2E5D530F008F9C38 /* Project object */ = {
			isa = PBXProject;
			attributes = {
				BuildIndependentTargetsInParallel = 1;
				LastUpgradeCheck = 1630;
				TargetAttributes = {
					58B59FC32E5D530F008F9C38 = {
						CreatedOnToolsVersion = 16.3;
						LastSwiftMigration = 2600;
					};
				};
			};
			buildConfigurationList = 58B59FBF2E5D530F008F9C38 /* Build configuration list for PBXProject "ObjCVerify" */;
			developmentRegion = en;
			hasScannedForEncodings = 0;
			knownRegions = (
				en,
				Base,
				"zh-Hans",
				"zh-Hant",
				fr,
				ja,
				pl,
				da,
				fi,
				de,
				hi,
				ms,
				es,
				ru,
				ko,
				vi,
				uk,
				"pt-PT",
				id,
				el,
				th,
				it,
				sv,
				nl,
				tr,
				hu,
				la,
				nb,
				mn,
				km,
			);
			mainGroup = 58B59FBB2E5D530F008F9C38;
			minimizedProjectReferenceProxies = 1;
			preferredProjectObjectVersion = 77;
			productRefGroup = 58B59FC52E5D530F008F9C38 /* Products */;
			projectDirPath = "";
			projectRoot = "";
			targets = (
				58B59FC32E5D530F008F9C38 /* ObjCVerify */,
			);
		};
/* End PBXProject section */

/* Begin PBXResourcesBuildPhase section */
		58B59FC22E5D530F008F9C38 /* Resources */ = {
			isa = PBXResourcesBuildPhase;
			buildActionMask = 2147483647;
			files = (
				58B470142E8D112B00D04BCA /* 秋天的树.png in Resources */,
				58B470152E8D112B00D04BCA /* 蓝天下的花.png in Resources */,
				58B470162E8D112B00D04BCA /* 石头上的花.png in Resources */,
				58B470172E8D112B00D04BCA /* [喝彩].png in Resources */,
				58B470182E8D112B00D04BCA /* mpeg4_local.mp4 in Resources */,
				58B470192E8D112B00D04BCA /* 沙滩上的石头.png in Resources */,
				58B4701A2E8D112B00D04BCA /* 啤酒.png in Resources */,
				58B4701B2E8D112B00D04BCA /* apng_[666].png in Resources */,
				58B4701C2E8D112B00D04BCA /* 樱花.png in Resources */,
				58BFB8AB2F16346F0094DDB5 /* WYSpeechRecognitionController.xib in Resources */,
				58B4701D2E8D112B00D04BCA /* 窗花.png in Resources */,
				58B4701E2E8D112B00D04BCA /* 阳光和窗户.png in Resources */,
				58B4701F2E8D112B00D04BCA /* 沙滩.png in Resources */,
				58B470202E8D112B00D04BCA /* 帆船.png in Resources */,
				58B470212E8D112B00D04BCA /* 红色爱心.png in Resources */,
				58B470222E8D112B00D04BCA /* 彩色花.png in Resources */,
				58B470232E8D112B00D04BCA /* bird.gif in Resources */,
				58B470242E8D112B00D04BCA /* 动图2.gif in Resources */,
				58B470252E8D112B00D04BCA /* 红色花.png in Resources */,
				58B470262E8D112B00D04BCA /* 蓝天下的红色花.png in Resources */,
				58B470272E8D112B00D04BCA /* 沙滩上的花.png in Resources */,
				58B470282E8D112B00D04BCA /* [唇].png in Resources */,
				58B470292E8D112B00D04BCA /* [666].gif in Resources */,
				58B4702A2E8D112B00D04BCA /* 夕阳下的花.png in Resources */,
				58B4702B2E8D112B00D04BCA /* 世间美好与你环环相扣.mp3 in Resources */,
				58B4702C2E8D112B00D04BCA /* apng格式图片2.png in Resources */,
				58B4702D2E8D112B00D04BCA /* 1650855755919.mp4 in Resources */,
				58B4702E2E8D112B00D04BCA /* 动图1.gif in Resources */,
				58B4702F2E8D112B00D04BCA /* 墙上的花.png in Resources */,
				58B470302E8D112B00D04BCA /* 阳光蓝天下的花.png in Resources */,
				58B470312E8D112B00D04BCA /* [爱心].png in Resources */,
				58B470322E8D112B00D04BCA /* apng格式图片1.png in Resources */,
				58B470332E8D112B00D04BCA /* 蓝色小屋.png in Resources */,
				58B59FF32E5D5315008F9C38 /* Assets.xcassets in Resources */,
				58B59FF52E5D5315008F9C38 /* LaunchScreen.storyboard in Resources */,
				58B59FF62E5D5315008F9C38 /* Main.storyboard in Resources */,
			);
			runOnlyForDeploymentPostprocessing = 0;
		};
/* End PBXResourcesBuildPhase section */

/* Begin PBXShellScriptBuildPhase section */
		5C2965F9A0E55BFDEC7239A3 /* [CP] Check Pods Manifest.lock */ = {
			isa = PBXShellScriptBuildPhase;
			buildActionMask = 2147483647;
			files = (
			);
			inputFileListPaths = (
			);
			inputPaths = (
				"${PODS_PODFILE_DIR_PATH}/Podfile.lock",
				"${PODS_ROOT}/Manifest.lock",
			);
			name = "[CP] Check Pods Manifest.lock";
			outputFileListPaths = (
			);
			outputPaths = (
				"$(DERIVED_FILE_DIR)/Pods-ObjCVerify-checkManifestLockResult.txt",
			);
			runOnlyForDeploymentPostprocessing = 0;
			shellPath = /bin/sh;
			shellScript = "diff \"${PODS_PODFILE_DIR_PATH}/Podfile.lock\" \"${PODS_ROOT}/Manifest.lock\" > /dev/null\nif [ $? != 0 ] ; then\n    # print error to STDERR\n    echo \"error: The sandbox is not in sync with the Podfile.lock. Run 'pod install' or update your CocoaPods installation.\" >&2\n    exit 1\nfi\n# This output is used by Xcode 'outputs' to avoid re-running this script phase.\necho \"SUCCESS\" > \"${SCRIPT_OUTPUT_FILE_0}\"\n";
			showEnvVarsInLog = 0;
		};
		B305F3C4ED74A5BF6DE19A05 /* [CP] Embed Pods Frameworks */ = {
			isa = PBXShellScriptBuildPhase;
			buildActionMask = 2147483647;
			files = (
			);
			inputFileListPaths = (
				"${PODS_ROOT}/Target Support Files/Pods-ObjCVerify/Pods-ObjCVerify-frameworks-${CONFIGURATION}-input-files.xcfilelist",
			);
			inputPaths = (
			);
			name = "[CP] Embed Pods Frameworks";
			outputFileListPaths = (
				"${PODS_ROOT}/Target Support Files/Pods-ObjCVerify/Pods-ObjCVerify-frameworks-${CONFIGURATION}-output-files.xcfilelist",
			);
			outputPaths = (
			);
			runOnlyForDeploymentPostprocessing = 0;
			shellPath = /bin/sh;
			shellScript = "\"${PODS_ROOT}/Target Support Files/Pods-ObjCVerify/Pods-ObjCVerify-frameworks.sh\"\n";
			showEnvVarsInLog = 0;
		};
		EFC244E333B24E1CF0EE0ACF /* [CP] Copy Pods Resources */ = {
			isa = PBXShellScriptBuildPhase;
			buildActionMask = 2147483647;
			files = (
			);
			inputFileListPaths = (
				"${PODS_ROOT}/Target Support Files/Pods-ObjCVerify/Pods-ObjCVerify-resources-${CONFIGURATION}-input-files.xcfilelist",
			);
			inputPaths = (
			);
			name = "[CP] Copy Pods Resources";
			outputFileListPaths = (
				"${PODS_ROOT}/Target Support Files/Pods-ObjCVerify/Pods-ObjCVerify-resources-${CONFIGURATION}-output-files.xcfilelist",
			);
			outputPaths = (
			);
			runOnlyForDeploymentPostprocessing = 0;
			shellPath = /bin/sh;
			shellScript = "\"${PODS_ROOT}/Target Support Files/Pods-ObjCVerify/Pods-ObjCVerify-resources.sh\"\n";
			showEnvVarsInLog = 0;
		};
/* End PBXShellScriptBuildPhase section */

/* Begin PBXSourcesBuildPhase section */
		58B59FC02E5D530F008F9C38 /* Sources */ = {
			isa = PBXSourcesBuildPhase;
			buildActionMask = 2147483647;
			files = (
				58B59FEF2E5D5315008F9C38 /* AppDelegate.m in Sources */,
				58BFB87B2F1488920094DDB5 /* WYTableViewGroupedController.m in Sources */,
				58DEA9BD2F0F580200664E13 /* WYTestAnimationController.m in Sources */,
				582732112E9F8CDF00DAD1AA /* WYTestDarkNightModeController.m in Sources */,
				58BFB8C02F18BB6F0094DDB5 /* WYTestPagingViewController.m in Sources */,
				58B4703E2E8D11C700D04BCA /* WYMainController.m in Sources */,
				580ED5822EA62AE9006012E7 /* WYArchivedController.m in Sources */,
				58B4704B2E8D32D200D04BCA /* WYLeftControllerHeaderView.m in Sources */,
				58BFB88B2F14E5C20094DDB5 /* WYQRCodeController.m in Sources */,
				58B470502E8D37B000D04BCA /* AppEventDelegate.m in Sources */,
				58B59FF02E5D5315008F9C38 /* main.m in Sources */,
				580ED5652EA5DA56006012E7 /* SDKRequest.m in Sources */,
				58DEA9C12F0F5A9E00664E13 /* WYTestVisualController.m in Sources */,
				58BFB8B82F16441A0094DDB5 /* WYTestAudioController.m in Sources */,
				58B59FF22E5D5315008F9C38 /* ViewController.m in Sources */,
				58DEA9C52F0F5E2400664E13 /* WYTestBannerController.m in Sources */,
				58BFB8B42F16411A0094DDB5 /* WYLogController.m in Sources */,
				58BFB8A52F14EE350094DDB5 /* WYTestLiveStreamingController.m in Sources */,
				58DEA9C92F0F7CB600664E13 /* WYTestRichTextController.m in Sources */,
				58B470442E8D11E200D04BCA /* WYRightController.m in Sources */,
				580ED56E2EA5DB0E006012E7 /* UserRequest.m in Sources */,
				580ED56B2EA5DAE5006012E7 /* SDKResponse.m in Sources */,
				58BFB87F2F1494000094DDB5 /* WYTestDownloadController.m in Sources */,
				58BFB8BC2F1649A20094DDB5 /* WYTestScrollTextController.m in Sources */,
				580ED5712EA5DB37006012E7 /* UserResponse.m in Sources */,
				58BFB8A92F1634040094DDB5 /* WYSpeechRecognitionController.m in Sources */,
				58B470412E8D11D400D04BCA /* WYCenterController.m in Sources */,
				580ED5742EA5DB55006012E7 /* WYGenericTypeController.m in Sources */,
				58BFB8C42F18C3010094DDB5 /* WYTestSideslipCellController.m in Sources */,
				58BFB88F2F14E6A20094DDB5 /* WYParseGifController.m in Sources */,
				58DA4EAD2EA23E6F003EAA2D /* WYTestVibrateController.m in Sources */,
				58BFB8AF2F163ACB0094DDB5 /* WYOffLineMethodController.m in Sources */,
				58DEA9CD2F10F5F300664E13 /* WYMultilevelTableViewController.m in Sources */,
				58BFB8A12F14E99B0094DDB5 /* WYFlowLayoutAlignmentController.m in Sources */,
				58DA4EB12EA2427D003EAA2D /* WYTestButtonEdgeInsetsController.m in Sources */,
				58BFB8872F14DFC70094DDB5 /* WYTestInterfaceOrientationController.m in Sources */,
				58DEA9D12F1105EB00664E13 /* WYTableViewPlainController.m in Sources */,
				58B46FF22E8D0F6100D04BCA /* WYTabBarController.m in Sources */,
				580ED5682EA5DA9C006012E7 /* SDKRequestContext.m in Sources */,
				58BFB8832F14D9950094DDB5 /* WYTestRequestController.m in Sources */,
				584EAF0E2E939052003A21B8 /* WYWebViewController.m in Sources */,
			);
			runOnlyForDeploymentPostprocessing = 0;
		};
/* End PBXSourcesBuildPhase section */

/* Begin PBXVariantGroup section */
		58B59FE62E5D5315008F9C38 /* LaunchScreen.storyboard */ = {
			isa = PBXVariantGroup;
			children = (
				58B59FE52E5D5315008F9C38 /* Base */,
				582732462E9FA3ED00DAD1AA /* zh-Hans */,
				582732482E9FA3F400DAD1AA /* zh-Hant */,
				5827324A2E9FA40000DAD1AA /* fr */,
				5827324C2E9FA41E00DAD1AA /* ja */,
				5827324E2E9FA44000DAD1AA /* pl */,
				582732502E9FA45800DAD1AA /* da */,
				582732522E9FA46900DAD1AA /* fi */,
				582732542E9FA47600DAD1AA /* de */,
				582732562E9FA48B00DAD1AA /* hi */,
				582732582E9FA4A000DAD1AA /* ms */,
				5827325A2E9FA4B500DAD1AA /* es */,
				5827325C2E9FA4C500DAD1AA /* ru */,
				5827325E2E9FA54900DAD1AA /* ko */,
				582732602E9FA55B00DAD1AA /* vi */,
				582732622E9FA56C00DAD1AA /* uk */,
				582732642E9FA58200DAD1AA /* pt-PT */,
				582732662E9FA59A00DAD1AA /* id */,
				582732682E9FA5B600DAD1AA /* el */,
				5827326A2E9FA5C900DAD1AA /* th */,
				5827326C2E9FA5E500DAD1AA /* it */,
				5827326E2E9FA5F400DAD1AA /* sv */,
				582732702E9FA60600DAD1AA /* nl */,
				582732722E9FA61000DAD1AA /* tr */,
				582732742E9FA62400DAD1AA /* hu */,
				582732762E9FA65E00DAD1AA /* la */,
				582732782E9FA68900DAD1AA /* nb */,
				5827327A2E9FA6BB00DAD1AA /* mn */,
				5827327C2E9FA6D200DAD1AA /* km */,
			);
			name = LaunchScreen.storyboard;
			sourceTree = "<group>";
		};
		58B59FE92E5D5315008F9C38 /* Main.storyboard */ = {
			isa = PBXVariantGroup;
			children = (
				58B59FE82E5D5315008F9C38 /* Base */,
				582732472E9FA3ED00DAD1AA /* zh-Hans */,
				582732492E9FA3F500DAD1AA /* zh-Hant */,
				5827324B2E9FA40000DAD1AA /* fr */,
				5827324D2E9FA41E00DAD1AA /* ja */,
				5827324F2E9FA44000DAD1AA /* pl */,
				582732512E9FA45800DAD1AA /* da */,
				582732532E9FA46A00DAD1AA /* fi */,
				582732552E9FA47600DAD1AA /* de */,
				582732572E9FA48B00DAD1AA /* hi */,
				582732592E9FA4A000DAD1AA /* ms */,
				5827325B2E9FA4B500DAD1AA /* es */,
				5827325D2E9FA4C500DAD1AA /* ru */,
				5827325F2E9FA54900DAD1AA /* ko */,
				582732612E9FA55B00DAD1AA /* vi */,
				582732632E9FA56C00DAD1AA /* uk */,
				582732652E9FA58200DAD1AA /* pt-PT */,
				582732672E9FA59A00DAD1AA /* id */,
				582732692E9FA5B600DAD1AA /* el */,
				5827326B2E9FA5C900DAD1AA /* th */,
				5827326D2E9FA5E500DAD1AA /* it */,
				5827326F2E9FA5F400DAD1AA /* sv */,
				582732712E9FA60600DAD1AA /* nl */,
				582732732E9FA61000DAD1AA /* tr */,
				582732752E9FA62400DAD1AA /* hu */,
				582732772E9FA65E00DAD1AA /* la */,
				582732792E9FA68900DAD1AA /* nb */,
				5827327B2E9FA6BB00DAD1AA /* mn */,
				5827327D2E9FA6D200DAD1AA /* km */,
			);
			name = Main.storyboard;
			sourceTree = "<group>";
		};
/* End PBXVariantGroup section */

/* Begin XCBuildConfiguration section */
		58B59FDD2E5D5310008F9C38 /* Debug */ = {
			isa = XCBuildConfiguration;
			baseConfigurationReference = 00E93EF8A69093A840C991C9 /* Pods-ObjCVerify.debug.xcconfig */;
			buildSettings = {
				ASSETCATALOG_COMPILER_APPICON_NAME = AppIcon;
				ASSETCATALOG_COMPILER_GLOBAL_ACCENT_COLOR_NAME = AccentColor;
				CLANG_ENABLE_MODULES = YES;
				CODE_SIGN_STYLE = Automatic;
				CURRENT_PROJECT_VERSION = 1;
				DEVELOPMENT_TEAM = AAZ295K3HU;
				GENERATE_INFOPLIST_FILE = YES;
				INFOPLIST_FILE = ObjCVerify/Info.plist;
				INFOPLIST_KEY_CFBundleDisplayName = "WYBasisKit(ObjC)";
				INFOPLIST_KEY_LSApplicationCategoryType = "public.app-category.developer-tools";
				INFOPLIST_KEY_NSCameraUsageDescription = "WYBasisKit申请使用相机权限，用于拍摄相关的测试";
				INFOPLIST_KEY_NSLocationWhenInUseUsageDescription = "WYBasisKit申请使用位置权限，用于定位相关的测试";
				INFOPLIST_KEY_NSMicrophoneUsageDescription = "WYBasisKit申请使用麦克风权限用于语音相关的测试";
				INFOPLIST_KEY_NSPhotoLibraryUsageDescription = "WYBasisKit申请使用相册权限用于照片相关的测试";
				INFOPLIST_KEY_NSSpeechRecognitionUsageDescription = "WYBasisKit申请使用语音转文字权限，用于语音与文字之间的转换测试";
				INFOPLIST_KEY_UIApplicationSupportsIndirectInputEvents = YES;
				INFOPLIST_KEY_UILaunchStoryboardName = LaunchScreen;
				INFOPLIST_KEY_UIMainStoryboardFile = Main;
				INFOPLIST_KEY_UISupportedInterfaceOrientations = "UIInterfaceOrientationLandscapeLeft UIInterfaceOrientationLandscapeRight UIInterfaceOrientationPortrait UIInterfaceOrientationPortraitUpsideDown";
				IPHONEOS_DEPLOYMENT_TARGET = 13.0;
				LD_RUNPATH_SEARCH_PATHS = (
					"$(inherited)",
					"@executable_path/Frameworks",
				);
				MARKETING_VERSION = 1.0;
				PRODUCT_BUNDLE_IDENTIFIER = com.guanren.ObjCVerify;
				PRODUCT_NAME = "$(TARGET_NAME)";
				SWIFT_EMIT_LOC_STRINGS = YES;
				SWIFT_OBJC_BRIDGING_HEADER = "";
				SWIFT_OPTIMIZATION_LEVEL = "-Onone";
				SWIFT_VERSION = "";
				TARGETED_DEVICE_FAMILY = "1,2";
			};
			name = Debug;
		};
		58B59FDE2E5D5310008F9C38 /* Release */ = {
			isa = XCBuildConfiguration;
			baseConfigurationReference = 287657987D557763A49D167F /* Pods-ObjCVerify.release.xcconfig */;
			buildSettings = {
				ASSETCATALOG_COMPILER_APPICON_NAME = AppIcon;
				ASSETCATALOG_COMPILER_GLOBAL_ACCENT_COLOR_NAME = AccentColor;
				CLANG_ENABLE_MODULES = YES;
				CODE_SIGN_STYLE = Automatic;
				CURRENT_PROJECT_VERSION = 1;
				DEVELOPMENT_TEAM = AAZ295K3HU;
				GENERATE_INFOPLIST_FILE = YES;
				INFOPLIST_FILE = ObjCVerify/Info.plist;
				INFOPLIST_KEY_CFBundleDisplayName = "WYBasisKit(ObjC)";
				INFOPLIST_KEY_LSApplicationCategoryType = "public.app-category.developer-tools";
				INFOPLIST_KEY_NSCameraUsageDescription = "WYBasisKit申请使用相机权限，用于拍摄相关的测试";
				INFOPLIST_KEY_NSLocationWhenInUseUsageDescription = "WYBasisKit申请使用位置权限，用于定位相关的测试";
				INFOPLIST_KEY_NSMicrophoneUsageDescription = "WYBasisKit申请使用麦克风权限用于语音相关的测试";
				INFOPLIST_KEY_NSPhotoLibraryUsageDescription = "WYBasisKit申请使用相册权限用于照片相关的测试";
				INFOPLIST_KEY_NSSpeechRecognitionUsageDescription = "WYBasisKit申请使用语音转文字权限，用于语音与文字之间的转换测试";
				INFOPLIST_KEY_UIApplicationSupportsIndirectInputEvents = YES;
				INFOPLIST_KEY_UILaunchStoryboardName = LaunchScreen;
				INFOPLIST_KEY_UIMainStoryboardFile = Main;
				INFOPLIST_KEY_UISupportedInterfaceOrientations = "UIInterfaceOrientationLandscapeLeft UIInterfaceOrientationLandscapeRight UIInterfaceOrientationPortrait UIInterfaceOrientationPortraitUpsideDown";
				IPHONEOS_DEPLOYMENT_TARGET = 13.0;
				LD_RUNPATH_SEARCH_PATHS = (
					"$(inherited)",
					"@executable_path/Frameworks",
				);
				MARKETING_VERSION = 1.0;
				PRODUCT_BUNDLE_IDENTIFIER = com.guanren.ObjCVerify;
				PRODUCT_NAME = "$(TARGET_NAME)";
				SWIFT_EMIT_LOC_STRINGS = YES;
				SWIFT_OBJC_BRIDGING_HEADER = "";
				SWIFT_VERSION = "";
				TARGETED_DEVICE_FAMILY = "1,2";
			};
			name = Release;
		};
		58B59FDF2E5D5310008F9C38 /* Debug */ = {
			isa = XCBuildConfiguration;
			buildSettings = {
				ALWAYS_SEARCH_USER_PATHS = NO;
				ASSETCATALOG_COMPILER_GENERATE_SWIFT_ASSET_SYMBOL_EXTENSIONS = YES;
				CLANG_ANALYZER_LOCALIZABILITY_NONLOCALIZED = YES;
				CLANG_ANALYZER_NONNULL = YES;
				CLANG_ANALYZER_NUMBER_OBJECT_CONVERSION = YES_AGGRESSIVE;
				CLANG_CXX_LANGUAGE_STANDARD = "gnu++20";
				CLANG_ENABLE_MODULES = YES;
				CLANG_ENABLE_OBJC_ARC = YES;
				CLANG_ENABLE_OBJC_WEAK = YES;
				CLANG_WARN_BLOCK_CAPTURE_AUTORELEASING = YES;
				CLANG_WARN_BOOL_CONVERSION = YES;
				CLANG_WARN_COMMA = YES;
				CLANG_WARN_CONSTANT_CONVERSION = YES;
				CLANG_WARN_DEPRECATED_OBJC_IMPLEMENTATIONS = YES;
				CLANG_WARN_DIRECT_OBJC_ISA_USAGE = YES_ERROR;
				CLANG_WARN_DOCUMENTATION_COMMENTS = YES;
				CLANG_WARN_EMPTY_BODY = YES;
				CLANG_WARN_ENUM_CONVERSION = YES;
				CLANG_WARN_INFINITE_RECURSION = YES;
				CLANG_WARN_INT_CONVERSION = YES;
				CLANG_WARN_NON_LITERAL_NULL_CONVERSION = YES;
				CLANG_WARN_OBJC_IMPLICIT_RETAIN_SELF = YES;
				CLANG_WARN_OBJC_LITERAL_CONVERSION = YES;
				CLANG_WARN_OBJC_ROOT_CLASS = YES_ERROR;
				CLANG_WARN_QUOTED_INCLUDE_IN_FRAMEWORK_HEADER = YES;
				CLANG_WARN_RANGE_LOOP_ANALYSIS = YES;
				CLANG_WARN_STRICT_PROTOTYPES = YES;
				CLANG_WARN_SUSPICIOUS_MOVE = YES;
				CLANG_WARN_UNGUARDED_AVAILABILITY = YES_AGGRESSIVE;
				CLANG_WARN_UNREACHABLE_CODE = YES;
				CLANG_WARN__DUPLICATE_METHOD_MATCH = YES;
				COPY_PHASE_STRIP = NO;
				DEBUG_INFORMATION_FORMAT = dwarf;
				DEVELOPMENT_TEAM = AAZ295K3HU;
				ENABLE_STRICT_OBJC_MSGSEND = YES;
				ENABLE_TESTABILITY = YES;
				ENABLE_USER_SCRIPT_SANDBOXING = YES;
				"EXCLUDED_ARCHS[sdk=iphonesimulator*]" = arm64;
				GCC_C_LANGUAGE_STANDARD = gnu17;
				GCC_DYNAMIC_NO_PIC = NO;
				GCC_NO_COMMON_BLOCKS = YES;
				GCC_OPTIMIZATION_LEVEL = 0;
				GCC_PREPROCESSOR_DEFINITIONS = (
					"DEBUG=1",
					"$(inherited)",
				);
				GCC_WARN_64_TO_32_BIT_CONVERSION = YES;
				GCC_WARN_ABOUT_RETURN_TYPE = YES_ERROR;
				GCC_WARN_UNDECLARED_SELECTOR = YES;
				GCC_WARN_UNINITIALIZED_AUTOS = YES_AGGRESSIVE;
				GCC_WARN_UNUSED_FUNCTION = YES;
				GCC_WARN_UNUSED_VARIABLE = YES;
				IPHONEOS_DEPLOYMENT_TARGET = 18.4;
				LOCALIZATION_PREFERS_STRING_CATALOGS = YES;
				MTL_ENABLE_DEBUG_INFO = INCLUDE_SOURCE;
				MTL_FAST_MATH = YES;
				ONLY_ACTIVE_ARCH = YES;
				SDKROOT = iphoneos;
				SWIFT_VERSION = "";
			};
			name = Debug;
		};
		58B59FE02E5D5310008F9C38 /* Release */ = {
			isa = XCBuildConfiguration;
			buildSettings = {
				ALWAYS_SEARCH_USER_PATHS = NO;
				ASSETCATALOG_COMPILER_GENERATE_SWIFT_ASSET_SYMBOL_EXTENSIONS = YES;
				CLANG_ANALYZER_LOCALIZABILITY_NONLOCALIZED = YES;
				CLANG_ANALYZER_NONNULL = YES;
				CLANG_ANALYZER_NUMBER_OBJECT_CONVERSION = YES_AGGRESSIVE;
				CLANG_CXX_LANGUAGE_STANDARD = "gnu++20";
				CLANG_ENABLE_MODULES = YES;
				CLANG_ENABLE_OBJC_ARC = YES;
				CLANG_ENABLE_OBJC_WEAK = YES;
				CLANG_WARN_BLOCK_CAPTURE_AUTORELEASING = YES;
				CLANG_WARN_BOOL_CONVERSION = YES;
				CLANG_WARN_COMMA = YES;
				CLANG_WARN_CONSTANT_CONVERSION = YES;
				CLANG_WARN_DEPRECATED_OBJC_IMPLEMENTATIONS = YES;
				CLANG_WARN_DIRECT_OBJC_ISA_USAGE = YES_ERROR;
				CLANG_WARN_DOCUMENTATION_COMMENTS = YES;
				CLANG_WARN_EMPTY_BODY = YES;
				CLANG_WARN_ENUM_CONVERSION = YES;
				CLANG_WARN_INFINITE_RECURSION = YES;
				CLANG_WARN_INT_CONVERSION = YES;
				CLANG_WARN_NON_LITERAL_NULL_CONVERSION = YES;
				CLANG_WARN_OBJC_IMPLICIT_RETAIN_SELF = YES;
				CLANG_WARN_OBJC_LITERAL_CONVERSION = YES;
				CLANG_WARN_OBJC_ROOT_CLASS = YES_ERROR;
				CLANG_WARN_QUOTED_INCLUDE_IN_FRAMEWORK_HEADER = YES;
				CLANG_WARN_RANGE_LOOP_ANALYSIS = YES;
				CLANG_WARN_STRICT_PROTOTYPES = YES;
				CLANG_WARN_SUSPICIOUS_MOVE = YES;
				CLANG_WARN_UNGUARDED_AVAILABILITY = YES_AGGRESSIVE;
				CLANG_WARN_UNREACHABLE_CODE = YES;
				CLANG_WARN__DUPLICATE_METHOD_MATCH = YES;
				COPY_PHASE_STRIP = NO;
				DEBUG_INFORMATION_FORMAT = "dwarf-with-dsym";
				DEVELOPMENT_TEAM = AAZ295K3HU;
				ENABLE_NS_ASSERTIONS = NO;
				ENABLE_STRICT_OBJC_MSGSEND = YES;
				ENABLE_USER_SCRIPT_SANDBOXING = YES;
				"EXCLUDED_ARCHS[sdk=iphonesimulator*]" = arm64;
				GCC_C_LANGUAGE_STANDARD = gnu17;
				GCC_NO_COMMON_BLOCKS = YES;
				GCC_WARN_64_TO_32_BIT_CONVERSION = YES;
				GCC_WARN_ABOUT_RETURN_TYPE = YES_ERROR;
				GCC_WARN_UNDECLARED_SELECTOR = YES;
				GCC_WARN_UNINITIALIZED_AUTOS = YES_AGGRESSIVE;
				GCC_WARN_UNUSED_FUNCTION = YES;
				GCC_WARN_UNUSED_VARIABLE = YES;
				IPHONEOS_DEPLOYMENT_TARGET = 18.4;
				LOCALIZATION_PREFERS_STRING_CATALOGS = YES;
				MTL_ENABLE_DEBUG_INFO = NO;
				MTL_FAST_MATH = YES;
				SDKROOT = iphoneos;
				SWIFT_VERSION = "";
				VALIDATE_PRODUCT = YES;
			};
			name = Release;
		};
/* End XCBuildConfiguration section */

/* Begin XCConfigurationList section */
		58B59FBF2E5D530F008F9C38 /* Build configuration list for PBXProject "ObjCVerify" */ = {
			isa = XCConfigurationList;
			buildConfigurations = (
				58B59FDF2E5D5310008F9C38 /* Debug */,
				58B59FE02E5D5310008F9C38 /* Release */,
			);
			defaultConfigurationIsVisible = 0;
			defaultConfigurationName = Release;
		};
		58B59FDC2E5D5310008F9C38 /* Build configuration list for PBXNativeTarget "ObjCVerify" */ = {
			isa = XCConfigurationList;
			buildConfigurations = (
				58B59FDD2E5D5310008F9C38 /* Debug */,
				58B59FDE2E5D5310008F9C38 /* Release */,
			);
			defaultConfigurationIsVisible = 0;
			defaultConfigurationName = Release;
		};
/* End XCConfigurationList section */
	};
	rootObject = 58B59FBC2E5D530F008F9C38 /* Project object */;
}
